// !$*UTF8*$!
{
	archiveVersion = 1;
	classes = {
	};
	objectVersion = 48;
	objects = {

/* Begin PBXBuildFile section */
		05626CC22041406900714531 /* SCMakeAnAppointmentprocessController.m in Sources */ = {isa = PBXBuildFile; fileRef = 05626CC12041406900714531 /* SCMakeAnAppointmentprocessController.m */; };
		05626CC52041458700714531 /* SCMakeAnAppointmentprocessCell.m in Sources */ = {isa = PBXBuildFile; fileRef = 05626CC42041458700714531 /* SCMakeAnAppointmentprocessCell.m */; };
		05626CC820419B7E00714531 /* SCAppointmentProcessViewController.m in Sources */ = {isa = PBXBuildFile; fileRef = 05626CC720419B7E00714531 /* SCAppointmentProcessViewController.m */; };
		05626CCB20419C8E00714531 /* SCTheirOwnSheetMetalViewController.m in Sources */ = {isa = PBXBuildFile; fileRef = 05626CCA20419C8E00714531 /* SCTheirOwnSheetMetalViewController.m */; };
		05626CCF20426CC500714531 /* SCOrderViewController.m in Sources */ = {isa = PBXBuildFile; fileRef = 05626CCE20426CC500714531 /* SCOrderViewController.m */; };
		05626CD2204272FE00714531 /* SCOrderViewServeCell.m in Sources */ = {isa = PBXBuildFile; fileRef = 05626CD1204272FE00714531 /* SCOrderViewServeCell.m */; };
		05626CD82043020700714531 /* SCChoiseBrandViewController.m in Sources */ = {isa = PBXBuildFile; fileRef = 05626CD72043020700714531 /* SCChoiseBrandViewController.m */; };
		05626CDB204302C400714531 /* SCChoiseBrandModel.m in Sources */ = {isa = PBXBuildFile; fileRef = 05626CDA204302C400714531 /* SCChoiseBrandModel.m */; };
		05626CDE2043030600714531 /* SCChoiseBrandCarGroupModel.m in Sources */ = {isa = PBXBuildFile; fileRef = 05626CDD2043030600714531 /* SCChoiseBrandCarGroupModel.m */; };
		05626CE1204309FE00714531 /* SCUserModel.m in Sources */ = {isa = PBXBuildFile; fileRef = 05626CE0204309FE00714531 /* SCUserModel.m */; };
		05626CE92044474100714531 /* SCOrderListViewController.m in Sources */ = {isa = PBXBuildFile; fileRef = 05626CE82044474100714531 /* SCOrderListViewController.m */; };
		05626CEC204448B700714531 /* SCNoPayListViewController.m in Sources */ = {isa = PBXBuildFile; fileRef = 05626CEB204448B700714531 /* SCNoPayListViewController.m */; };
		05626CEF204448FD00714531 /* SCPayedListViewController.m in Sources */ = {isa = PBXBuildFile; fileRef = 05626CEE204448FD00714531 /* SCPayedListViewController.m */; };
		05626CF22044491000714531 /* SCCompleteOrderListViewController.m in Sources */ = {isa = PBXBuildFile; fileRef = 05626CF12044491000714531 /* SCCompleteOrderListViewController.m */; };
		05626CF52044492800714531 /* SCOrderCancelListViewController.m in Sources */ = {isa = PBXBuildFile; fileRef = 05626CF42044492800714531 /* SCOrderCancelListViewController.m */; };
		05626CF820445A3500714531 /* SCOrderListCell.m in Sources */ = {isa = PBXBuildFile; fileRef = 05626CF720445A3500714531 /* SCOrderListCell.m */; };
		0571C16E204120DC002781B4 /* SCLoginResponseObjectModel.m in Sources */ = {isa = PBXBuildFile; fileRef = 0571C16D204120DC002781B4 /* SCLoginResponseObjectModel.m */; };
		0571C17120412973002781B4 /* SCNSUserDefaultsAndNotificConst.m in Sources */ = {isa = PBXBuildFile; fileRef = 0571C17020412973002781B4 /* SCNSUserDefaultsAndNotificConst.m */; };
		0571C17520413775002781B4 /* SCReservationAlertView.m in Sources */ = {isa = PBXBuildFile; fileRef = 0571C17420413775002781B4 /* SCReservationAlertView.m */; };
		0573B01420333DAA0017D852 /* SCHomePageSectionTwoCellItemView.m in Sources */ = {isa = PBXBuildFile; fileRef = 0573B01320333DAA0017D852 /* SCHomePageSectionTwoCellItemView.m */; };
		0573B018203825B30017D852 /* SCReservationViewCell.m in Sources */ = {isa = PBXBuildFile; fileRef = 0573B017203825B30017D852 /* SCReservationViewCell.m */; };
		0573B01E203BD7E70017D852 /* SCManager+RequestInterface.m in Sources */ = {isa = PBXBuildFile; fileRef = 0573B01D203BD7E70017D852 /* SCManager+RequestInterface.m */; };
		0573B025203C09F60017D852 /* GSKeyChain.m in Sources */ = {isa = PBXBuildFile; fileRef = 0573B023203C09F50017D852 /* GSKeyChain.m */; };
		0573B029203D516D0017D852 /* SCCouponModel.m in Sources */ = {isa = PBXBuildFile; fileRef = 0573B028203D516D0017D852 /* SCCouponModel.m */; };
		0573B02C203D53C50017D852 /* SCMyGarageListPageModel.m in Sources */ = {isa = PBXBuildFile; fileRef = 0573B02B203D53C50017D852 /* SCMyGarageListPageModel.m */; };
		0573B02E203E70B90017D852 /* citydict.plist in Resources */ = {isa = PBXBuildFile; fileRef = 0573B02D203E70B90017D852 /* citydict.plist */; };
		0573B031203E71440017D852 /* SCCityListController.m in Sources */ = {isa = PBXBuildFile; fileRef = 0573B030203E71440017D852 /* SCCityListController.m */; };
		0573B034203E75430017D852 /* SCReceiveCouponsViewConroller.m in Sources */ = {isa = PBXBuildFile; fileRef = 0573B033203E75430017D852 /* SCReceiveCouponsViewConroller.m */; };
		0573B037203FC72E0017D852 /* SCMyAppointmentViewController.m in Sources */ = {isa = PBXBuildFile; fileRef = 0573B036203FC72E0017D852 /* SCMyAppointmentViewController.m */; };
		0573B03A203FE27E0017D852 /* SCMyAppointmentViewCell.m in Sources */ = {isa = PBXBuildFile; fileRef = 0573B039203FE27E0017D852 /* SCMyAppointmentViewCell.m */; };
		0597251B201EF3DD00E7EFFB /* AppDelegate.m in Sources */ = {isa = PBXBuildFile; fileRef = 0597251A201EF3DD00E7EFFB /* AppDelegate.m */; };
		05972523201EF3DD00E7EFFB /* Assets.xcassets in Resources */ = {isa = PBXBuildFile; fileRef = 05972522201EF3DD00E7EFFB /* Assets.xcassets */; };
		05972526201EF3DD00E7EFFB /* LaunchScreen.storyboard in Resources */ = {isa = PBXBuildFile; fileRef = 05972524201EF3DD00E7EFFB /* LaunchScreen.storyboard */; };
		05972529201EF3DD00E7EFFB /* main.m in Sources */ = {isa = PBXBuildFile; fileRef = 05972528201EF3DD00E7EFFB /* main.m */; };
		05972533201EF3DD00E7EFFB /* SharedCarSuitsTests.m in Sources */ = {isa = PBXBuildFile; fileRef = 05972532201EF3DD00E7EFFB /* SharedCarSuitsTests.m */; };
		0597253E201EF3DD00E7EFFB /* SharedCarSuitsUITests.m in Sources */ = {isa = PBXBuildFile; fileRef = 0597253D201EF3DD00E7EFFB /* SharedCarSuitsUITests.m */; };
		05C94234202D69CC00B78CA4 /* NSArray+Category.m in Sources */ = {isa = PBXBuildFile; fileRef = 05C9422F202D69CC00B78CA4 /* NSArray+Category.m */; };
		05C94235202D69CC00B78CA4 /* NSMutableArray+Category.m in Sources */ = {isa = PBXBuildFile; fileRef = 05C94231202D69CC00B78CA4 /* NSMutableArray+Category.m */; };
		05C94243202D6B1500B78CA4 /* SCHomePageViewController.m in Sources */ = {isa = PBXBuildFile; fileRef = 05C9423C202D6B1500B78CA4 /* SCHomePageViewController.m */; };
		05C94244202D6B1500B78CA4 /* SCMineViewController.m in Sources */ = {isa = PBXBuildFile; fileRef = 05C9423F202D6B1500B78CA4 /* SCMineViewController.m */; };
		05C94245202D6B1500B78CA4 /* SCReservationViewController.m in Sources */ = {isa = PBXBuildFile; fileRef = 05C94242202D6B1500B78CA4 /* SCReservationViewController.m */; };
		05C9424F202D6BD200B78CA4 /* SCBaseViewController.m in Sources */ = {isa = PBXBuildFile; fileRef = 05C94248202D6BD100B78CA4 /* SCBaseViewController.m */; };
		05C94250202D6BD200B78CA4 /* SCHomeTabBarController.m in Sources */ = {isa = PBXBuildFile; fileRef = 05C94249202D6BD100B78CA4 /* SCHomeTabBarController.m */; };
		05C94251202D6BD200B78CA4 /* SCBaseNavigationController.m in Sources */ = {isa = PBXBuildFile; fileRef = 05C9424B202D6BD200B78CA4 /* SCBaseNavigationController.m */; };
		05C94252202D6BD200B78CA4 /* SCBaseTableViewController.m in Sources */ = {isa = PBXBuildFile; fileRef = 05C9424D202D6BD200B78CA4 /* SCBaseTableViewController.m */; };
		05C94259202D7F3900B78CA4 /* UIColor+Additional.m in Sources */ = {isa = PBXBuildFile; fileRef = 05C94258202D7F3900B78CA4 /* UIColor+Additional.m */; };
		05C9425C202D7F4700B78CA4 /* UIColor+CDF.m in Sources */ = {isa = PBXBuildFile; fileRef = 05C9425B202D7F4700B78CA4 /* UIColor+CDF.m */; };
		05C94262202D854E00B78CA4 /* SCSharedCarSuitsClient.m in Sources */ = {isa = PBXBuildFile; fileRef = 05C94261202D854E00B78CA4 /* SCSharedCarSuitsClient.m */; };
		05C9426C202E8CE800B78CA4 /* SCLaunchViewController.m in Sources */ = {isa = PBXBuildFile; fileRef = 05C9426B202E8CE800B78CA4 /* SCLaunchViewController.m */; };
		05C94270202E8E3800B78CA4 /* SCLoginView.m in Sources */ = {isa = PBXBuildFile; fileRef = 05C9426F202E8E3800B78CA4 /* SCLoginView.m */; };
		05C94273202E907800B78CA4 /* UIFont+Addition.m in Sources */ = {isa = PBXBuildFile; fileRef = 05C94272202E907700B78CA4 /* UIFont+Addition.m */; };
		05C94277202EA1C700B78CA4 /* UIView+CDFFrame.m in Sources */ = {isa = PBXBuildFile; fileRef = 05C94275202EA1C700B78CA4 /* UIView+CDFFrame.m */; };
		05C9427C202EB1DC00B78CA4 /* SCFindPasswordController.m in Sources */ = {isa = PBXBuildFile; fileRef = 05C9427B202EB1DC00B78CA4 /* SCFindPasswordController.m */; };
		05C9427F202EB32400B78CA4 /* UIViewController+Utility.m in Sources */ = {isa = PBXBuildFile; fileRef = 05C9427E202EB32400B78CA4 /* UIViewController+Utility.m */; };
		05C94282202EB3C800B78CA4 /* UIButton+Navigation.m in Sources */ = {isa = PBXBuildFile; fileRef = 05C94280202EB3C800B78CA4 /* UIButton+Navigation.m */; };
		05C94285202EB3D100B78CA4 /* UIBarButtonItem+Spacing.m in Sources */ = {isa = PBXBuildFile; fileRef = 05C94284202EB3D000B78CA4 /* UIBarButtonItem+Spacing.m */; };
		05C94288202EB85000B78CA4 /* SCRetrieveThePasswordView.m in Sources */ = {isa = PBXBuildFile; fileRef = 05C94287202EB85000B78CA4 /* SCRetrieveThePasswordView.m */; };
		05C9428B202EC39A00B78CA4 /* SCFindPasswordUpatePasswordController.m in Sources */ = {isa = PBXBuildFile; fileRef = 05C9428A202EC39A00B78CA4 /* SCFindPasswordUpatePasswordController.m */; };
		05C9428E202EC44700B78CA4 /* SCFindPasswordUpatePasswordView.m in Sources */ = {isa = PBXBuildFile; fileRef = 05C9428D202EC44700B78CA4 /* SCFindPasswordUpatePasswordView.m */; };
		05C94292202ECAE600B78CA4 /* SCRegisterViewController.m in Sources */ = {isa = PBXBuildFile; fileRef = 05C94291202ECAE600B78CA4 /* SCRegisterViewController.m */; };
		05C94295202ECEE300B78CA4 /* SCRegisterViewUpatePasswordController.m in Sources */ = {isa = PBXBuildFile; fileRef = 05C94294202ECEE300B78CA4 /* SCRegisterViewUpatePasswordController.m */; };
		05C94299202ED0E600B78CA4 /* SCRegisterViewCarInfoViewController.m in Sources */ = {isa = PBXBuildFile; fileRef = 05C94298202ED0E600B78CA4 /* SCRegisterViewCarInfoViewController.m */; };
		05C9429D202ED16600B78CA4 /* SCRegisterViewCarInfoView.m in Sources */ = {isa = PBXBuildFile; fileRef = 05C9429C202ED16600B78CA4 /* SCRegisterViewCarInfoView.m */; };
		05C942DE203062D800B78CA4 /* SCChoiseAreaView.m in Sources */ = {isa = PBXBuildFile; fileRef = 05C942DD203062D800B78CA4 /* SCChoiseAreaView.m */; };
		05D34DC12031BCC3002AADA4 /* SCManager+CommonMethods.m in Sources */ = {isa = PBXBuildFile; fileRef = 05D34DC02031BCC3002AADA4 /* SCManager+CommonMethods.m */; };
		05D34DC42031BF0A002AADA4 /* SCMineViewControllerSectionCell.m in Sources */ = {isa = PBXBuildFile; fileRef = 05D34DC32031BF0A002AADA4 /* SCMineViewControllerSectionCell.m */; };
		05D34DC72031CD33002AADA4 /* SCSettingViewController.m in Sources */ = {isa = PBXBuildFile; fileRef = 05D34DC62031CD33002AADA4 /* SCSettingViewController.m */; };
		05D34DCA2032C043002AADA4 /* SCEditorUserInfoViewController.m in Sources */ = {isa = PBXBuildFile; fileRef = 05D34DC92032C043002AADA4 /* SCEditorUserInfoViewController.m */; };
		05D34DCD2032CA17002AADA4 /* SCExitShowTipsView.m in Sources */ = {isa = PBXBuildFile; fileRef = 05D34DCC2032CA17002AADA4 /* SCExitShowTipsView.m */; };
		05DAD55820307ED7000E13C2 /* SCChoiseCarNumberView.m in Sources */ = {isa = PBXBuildFile; fileRef = 05DAD55720307ED7000E13C2 /* SCChoiseCarNumberView.m */; };
		05DAD55C203098B3000E13C2 /* SCMineViewHeaderView.m in Sources */ = {isa = PBXBuildFile; fileRef = 05DAD55B203098B3000E13C2 /* SCMineViewHeaderView.m */; };
		05DAD56020316D6D000E13C2 /* NSString+Predicate.m in Sources */ = {isa = PBXBuildFile; fileRef = 05DAD55F20316D6D000E13C2 /* NSString+Predicate.m */; };
		05DAD56420317223000E13C2 /* SCManager.m in Sources */ = {isa = PBXBuildFile; fileRef = 05DAD56320317223000E13C2 /* SCManager.m */; };
		05DAD5672031727C000E13C2 /* SCManager+Login.m in Sources */ = {isa = PBXBuildFile; fileRef = 05DAD5662031727C000E13C2 /* SCManager+Login.m */; };
		05DAD56A203172E8000E13C2 /* SCManager+AppInfo.m in Sources */ = {isa = PBXBuildFile; fileRef = 05DAD569203172E8000E13C2 /* SCManager+AppInfo.m */; };
		05DAD56D203175EC000E13C2 /* SCManager+Keyboard.m in Sources */ = {isa = PBXBuildFile; fileRef = 05DAD56C203175EC000E13C2 /* SCManager+Keyboard.m */; };
		05DAD57020317A2C000E13C2 /* SCManager+MBProgressHUD.m in Sources */ = {isa = PBXBuildFile; fileRef = 05DAD56F20317A2C000E13C2 /* SCManager+MBProgressHUD.m */; };
		05E94F712032D80200210BE3 /* SCEditorIconView.m in Sources */ = {isa = PBXBuildFile; fileRef = 05E94F702032D80200210BE3 /* SCEditorIconView.m */; };
		05E94F742032DC3600210BE3 /* SCEditorUserInfoViewController+ImagePickerController.m in Sources */ = {isa = PBXBuildFile; fileRef = 05E94F732032DC3600210BE3 /* SCEditorUserInfoViewController+ImagePickerController.m */; };
		05E94F772032E4F800210BE3 /* SCMyGarageViewController.m in Sources */ = {isa = PBXBuildFile; fileRef = 05E94F762032E4F800210BE3 /* SCMyGarageViewController.m */; };
		05E94F7A2032E64B00210BE3 /* SCMyGarageViewCell.m in Sources */ = {isa = PBXBuildFile; fileRef = 05E94F792032E64B00210BE3 /* SCMyGarageViewCell.m */; };
		05E94F7D203318C500210BE3 /* SCMyGarageViewDeletViewAlertView.m in Sources */ = {isa = PBXBuildFile; fileRef = 05E94F7C203318C500210BE3 /* SCMyGarageViewDeletViewAlertView.m */; };
		05E94F832033317700210BE3 /* SCHomePageSectionOneCell.m in Sources */ = {isa = PBXBuildFile; fileRef = 05E94F822033317700210BE3 /* SCHomePageSectionOneCell.m */; };
		05E94F862033318500210BE3 /* SCHomePageSectionTwoCell.m in Sources */ = {isa = PBXBuildFile; fileRef = 05E94F852033318500210BE3 /* SCHomePageSectionTwoCell.m */; };
		A7A03487A480F79B5C5D8C66 /* libPods-SharedCarSuitsUITests.a in Frameworks */ = {isa = PBXBuildFile; fileRef = E8B31BBBBF74AC20BFA0ECB8 /* libPods-SharedCarSuitsUITests.a */; };
		B54ACDE8FDCE0F818429C677 /* libPods-SharedCarSuits.a in Frameworks */ = {isa = PBXBuildFile; fileRef = ABEC7B6670E2B583689B8B8C /* libPods-SharedCarSuits.a */; };
		F0363A110D61A92361150273 /* libPods-SharedCarSuitsTests.a in Frameworks */ = {isa = PBXBuildFile; fileRef = 60A4C0452F94898FC366DE15 /* libPods-SharedCarSuitsTests.a */; };
/* End PBXBuildFile section */

/* Begin PBXContainerItemProxy section */
		0597252F201EF3DD00E7EFFB /* PBXContainerItemProxy */ = {
			isa = PBXContainerItemProxy;
			containerPortal = 0597250E201EF3DD00E7EFFB /* Project object */;
			proxyType = 1;
			remoteGlobalIDString = 05972515201EF3DD00E7EFFB;
			remoteInfo = SharedCarSuits;
		};
		0597253A201EF3DD00E7EFFB /* PBXContainerItemProxy */ = {
			isa = PBXContainerItemProxy;
			containerPortal = 0597250E201EF3DD00E7EFFB /* Project object */;
			proxyType = 1;
			remoteGlobalIDString = 05972515201EF3DD00E7EFFB;
			remoteInfo = SharedCarSuits;
		};
/* End PBXContainerItemProxy section */

/* Begin PBXFileReference section */
		05626CC02041406900714531 /* SCMakeAnAppointmentprocessController.h */ = {isa = PBXFileReference; lastKnownFileType = sourcecode.c.h; path = SCMakeAnAppointmentprocessController.h; sourceTree = "<group>"; };
		05626CC12041406900714531 /* SCMakeAnAppointmentprocessController.m */ = {isa = PBXFileReference; lastKnownFileType = sourcecode.c.objc; path = SCMakeAnAppointmentprocessController.m; sourceTree = "<group>"; };
		05626CC32041458700714531 /* SCMakeAnAppointmentprocessCell.h */ = {isa = PBXFileReference; lastKnownFileType = sourcecode.c.h; path = SCMakeAnAppointmentprocessCell.h; sourceTree = "<group>"; };
		05626CC42041458700714531 /* SCMakeAnAppointmentprocessCell.m */ = {isa = PBXFileReference; lastKnownFileType = sourcecode.c.objc; path = SCMakeAnAppointmentprocessCell.m; sourceTree = "<group>"; };
		05626CC620419B7E00714531 /* SCAppointmentProcessViewController.h */ = {isa = PBXFileReference; lastKnownFileType = sourcecode.c.h; path = SCAppointmentProcessViewController.h; sourceTree = "<group>"; };
		05626CC720419B7E00714531 /* SCAppointmentProcessViewController.m */ = {isa = PBXFileReference; lastKnownFileType = sourcecode.c.objc; path = SCAppointmentProcessViewController.m; sourceTree = "<group>"; };
		05626CC920419C8E00714531 /* SCTheirOwnSheetMetalViewController.h */ = {isa = PBXFileReference; lastKnownFileType = sourcecode.c.h; path = SCTheirOwnSheetMetalViewController.h; sourceTree = "<group>"; };
		05626CCA20419C8E00714531 /* SCTheirOwnSheetMetalViewController.m */ = {isa = PBXFileReference; lastKnownFileType = sourcecode.c.objc; path = SCTheirOwnSheetMetalViewController.m; sourceTree = "<group>"; };
		05626CCD20426CC500714531 /* SCOrderViewController.h */ = {isa = PBXFileReference; lastKnownFileType = sourcecode.c.h; path = SCOrderViewController.h; sourceTree = "<group>"; };
		05626CCE20426CC500714531 /* SCOrderViewController.m */ = {isa = PBXFileReference; lastKnownFileType = sourcecode.c.objc; path = SCOrderViewController.m; sourceTree = "<group>"; };
		05626CD0204272FE00714531 /* SCOrderViewServeCell.h */ = {isa = PBXFileReference; lastKnownFileType = sourcecode.c.h; path = SCOrderViewServeCell.h; sourceTree = "<group>"; };
		05626CD1204272FE00714531 /* SCOrderViewServeCell.m */ = {isa = PBXFileReference; lastKnownFileType = sourcecode.c.objc; path = SCOrderViewServeCell.m; sourceTree = "<group>"; };
		05626CD62043020700714531 /* SCChoiseBrandViewController.h */ = {isa = PBXFileReference; lastKnownFileType = sourcecode.c.h; path = SCChoiseBrandViewController.h; sourceTree = "<group>"; };
		05626CD72043020700714531 /* SCChoiseBrandViewController.m */ = {isa = PBXFileReference; lastKnownFileType = sourcecode.c.objc; path = SCChoiseBrandViewController.m; sourceTree = "<group>"; };
		05626CD9204302C400714531 /* SCChoiseBrandModel.h */ = {isa = PBXFileReference; lastKnownFileType = sourcecode.c.h; path = SCChoiseBrandModel.h; sourceTree = "<group>"; };
		05626CDA204302C400714531 /* SCChoiseBrandModel.m */ = {isa = PBXFileReference; lastKnownFileType = sourcecode.c.objc; path = SCChoiseBrandModel.m; sourceTree = "<group>"; };
		05626CDC2043030600714531 /* SCChoiseBrandCarGroupModel.h */ = {isa = PBXFileReference; lastKnownFileType = sourcecode.c.h; path = SCChoiseBrandCarGroupModel.h; sourceTree = "<group>"; };
		05626CDD2043030600714531 /* SCChoiseBrandCarGroupModel.m */ = {isa = PBXFileReference; lastKnownFileType = sourcecode.c.objc; path = SCChoiseBrandCarGroupModel.m; sourceTree = "<group>"; };
		05626CDF204309FE00714531 /* SCUserModel.h */ = {isa = PBXFileReference; lastKnownFileType = sourcecode.c.h; path = SCUserModel.h; sourceTree = "<group>"; };
		05626CE0204309FE00714531 /* SCUserModel.m */ = {isa = PBXFileReference; lastKnownFileType = sourcecode.c.objc; path = SCUserModel.m; sourceTree = "<group>"; };
		05626CE72044474100714531 /* SCOrderListViewController.h */ = {isa = PBXFileReference; lastKnownFileType = sourcecode.c.h; path = SCOrderListViewController.h; sourceTree = "<group>"; };
		05626CE82044474100714531 /* SCOrderListViewController.m */ = {isa = PBXFileReference; lastKnownFileType = sourcecode.c.objc; path = SCOrderListViewController.m; sourceTree = "<group>"; };
		05626CEA204448B700714531 /* SCNoPayListViewController.h */ = {isa = PBXFileReference; lastKnownFileType = sourcecode.c.h; path = SCNoPayListViewController.h; sourceTree = "<group>"; };
		05626CEB204448B700714531 /* SCNoPayListViewController.m */ = {isa = PBXFileReference; lastKnownFileType = sourcecode.c.objc; path = SCNoPayListViewController.m; sourceTree = "<group>"; };
		05626CED204448FD00714531 /* SCPayedListViewController.h */ = {isa = PBXFileReference; lastKnownFileType = sourcecode.c.h; path = SCPayedListViewController.h; sourceTree = "<group>"; };
		05626CEE204448FD00714531 /* SCPayedListViewController.m */ = {isa = PBXFileReference; lastKnownFileType = sourcecode.c.objc; path = SCPayedListViewController.m; sourceTree = "<group>"; };
		05626CF02044491000714531 /* SCCompleteOrderListViewController.h */ = {isa = PBXFileReference; lastKnownFileType = sourcecode.c.h; path = SCCompleteOrderListViewController.h; sourceTree = "<group>"; };
		05626CF12044491000714531 /* SCCompleteOrderListViewController.m */ = {isa = PBXFileReference; lastKnownFileType = sourcecode.c.objc; path = SCCompleteOrderListViewController.m; sourceTree = "<group>"; };
		05626CF32044492800714531 /* SCOrderCancelListViewController.h */ = {isa = PBXFileReference; lastKnownFileType = sourcecode.c.h; path = SCOrderCancelListViewController.h; sourceTree = "<group>"; };
		05626CF42044492800714531 /* SCOrderCancelListViewController.m */ = {isa = PBXFileReference; lastKnownFileType = sourcecode.c.objc; path = SCOrderCancelListViewController.m; sourceTree = "<group>"; };
		05626CF620445A3500714531 /* SCOrderListCell.h */ = {isa = PBXFileReference; lastKnownFileType = sourcecode.c.h; path = SCOrderListCell.h; sourceTree = "<group>"; };
		05626CF720445A3500714531 /* SCOrderListCell.m */ = {isa = PBXFileReference; lastKnownFileType = sourcecode.c.objc; path = SCOrderListCell.m; sourceTree = "<group>"; };
		0571C16C204120DC002781B4 /* SCLoginResponseObjectModel.h */ = {isa = PBXFileReference; lastKnownFileType = sourcecode.c.h; path = SCLoginResponseObjectModel.h; sourceTree = "<group>"; };
		0571C16D204120DC002781B4 /* SCLoginResponseObjectModel.m */ = {isa = PBXFileReference; lastKnownFileType = sourcecode.c.objc; path = SCLoginResponseObjectModel.m; sourceTree = "<group>"; };
		0571C16F20412973002781B4 /* SCNSUserDefaultsAndNotificConst.h */ = {isa = PBXFileReference; lastKnownFileType = sourcecode.c.h; path = SCNSUserDefaultsAndNotificConst.h; sourceTree = "<group>"; };
		0571C17020412973002781B4 /* SCNSUserDefaultsAndNotificConst.m */ = {isa = PBXFileReference; lastKnownFileType = sourcecode.c.objc; path = SCNSUserDefaultsAndNotificConst.m; sourceTree = "<group>"; };
		0571C17320413775002781B4 /* SCReservationAlertView.h */ = {isa = PBXFileReference; lastKnownFileType = sourcecode.c.h; path = SCReservationAlertView.h; sourceTree = "<group>"; };
		0571C17420413775002781B4 /* SCReservationAlertView.m */ = {isa = PBXFileReference; lastKnownFileType = sourcecode.c.objc; path = SCReservationAlertView.m; sourceTree = "<group>"; };
		0573B01220333DAA0017D852 /* SCHomePageSectionTwoCellItemView.h */ = {isa = PBXFileReference; lastKnownFileType = sourcecode.c.h; path = SCHomePageSectionTwoCellItemView.h; sourceTree = "<group>"; };
		0573B01320333DAA0017D852 /* SCHomePageSectionTwoCellItemView.m */ = {isa = PBXFileReference; lastKnownFileType = sourcecode.c.objc; path = SCHomePageSectionTwoCellItemView.m; sourceTree = "<group>"; };
		0573B016203825B30017D852 /* SCReservationViewCell.h */ = {isa = PBXFileReference; lastKnownFileType = sourcecode.c.h; path = SCReservationViewCell.h; sourceTree = "<group>"; };
		0573B017203825B30017D852 /* SCReservationViewCell.m */ = {isa = PBXFileReference; lastKnownFileType = sourcecode.c.objc; path = SCReservationViewCell.m; sourceTree = "<group>"; };
		0573B01B203BCF250017D852 /* SCRequestUrlConst.h */ = {isa = PBXFileReference; lastKnownFileType = sourcecode.c.h; path = SCRequestUrlConst.h; sourceTree = "<group>"; };
		0573B01C203BD7E70017D852 /* SCManager+RequestInterface.h */ = {isa = PBXFileReference; lastKnownFileType = sourcecode.c.h; path = "SCManager+RequestInterface.h"; sourceTree = "<group>"; };
		0573B01D203BD7E70017D852 /* SCManager+RequestInterface.m */ = {isa = PBXFileReference; lastKnownFileType = sourcecode.c.objc; path = "SCManager+RequestInterface.m"; sourceTree = "<group>"; };
		0573B023203C09F50017D852 /* GSKeyChain.m */ = {isa = PBXFileReference; fileEncoding = 4; lastKnownFileType = sourcecode.c.objc; path = GSKeyChain.m; sourceTree = "<group>"; };
		0573B024203C09F50017D852 /* GSKeyChain.h */ = {isa = PBXFileReference; fileEncoding = 4; lastKnownFileType = sourcecode.c.h; path = GSKeyChain.h; sourceTree = "<group>"; };
		0573B027203D516D0017D852 /* SCCouponModel.h */ = {isa = PBXFileReference; lastKnownFileType = sourcecode.c.h; path = SCCouponModel.h; sourceTree = "<group>"; };
		0573B028203D516D0017D852 /* SCCouponModel.m */ = {isa = PBXFileReference; lastKnownFileType = sourcecode.c.objc; path = SCCouponModel.m; sourceTree = "<group>"; };
		0573B02A203D53C50017D852 /* SCMyGarageListPageModel.h */ = {isa = PBXFileReference; lastKnownFileType = sourcecode.c.h; path = SCMyGarageListPageModel.h; sourceTree = "<group>"; };
		0573B02B203D53C50017D852 /* SCMyGarageListPageModel.m */ = {isa = PBXFileReference; lastKnownFileType = sourcecode.c.objc; path = SCMyGarageListPageModel.m; sourceTree = "<group>"; };
		0573B02D203E70B90017D852 /* citydict.plist */ = {isa = PBXFileReference; fileEncoding = 4; lastKnownFileType = text.plist.xml; path = citydict.plist; sourceTree = "<group>"; };
		0573B02F203E71440017D852 /* SCCityListController.h */ = {isa = PBXFileReference; lastKnownFileType = sourcecode.c.h; path = SCCityListController.h; sourceTree = "<group>"; };
		0573B030203E71440017D852 /* SCCityListController.m */ = {isa = PBXFileReference; lastKnownFileType = sourcecode.c.objc; path = SCCityListController.m; sourceTree = "<group>"; };
		0573B032203E75430017D852 /* SCReceiveCouponsViewConroller.h */ = {isa = PBXFileReference; lastKnownFileType = sourcecode.c.h; path = SCReceiveCouponsViewConroller.h; sourceTree = "<group>"; };
		0573B033203E75430017D852 /* SCReceiveCouponsViewConroller.m */ = {isa = PBXFileReference; lastKnownFileType = sourcecode.c.objc; path = SCReceiveCouponsViewConroller.m; sourceTree = "<group>"; };
		0573B035203FC72E0017D852 /* SCMyAppointmentViewController.h */ = {isa = PBXFileReference; lastKnownFileType = sourcecode.c.h; path = SCMyAppointmentViewController.h; sourceTree = "<group>"; };
		0573B036203FC72E0017D852 /* SCMyAppointmentViewController.m */ = {isa = PBXFileReference; lastKnownFileType = sourcecode.c.objc; path = SCMyAppointmentViewController.m; sourceTree = "<group>"; };
		0573B038203FE27E0017D852 /* SCMyAppointmentViewCell.h */ = {isa = PBXFileReference; lastKnownFileType = sourcecode.c.h; path = SCMyAppointmentViewCell.h; sourceTree = "<group>"; };
		0573B039203FE27E0017D852 /* SCMyAppointmentViewCell.m */ = {isa = PBXFileReference; lastKnownFileType = sourcecode.c.objc; path = SCMyAppointmentViewCell.m; sourceTree = "<group>"; };
		05972516201EF3DD00E7EFFB /* SharedCarSuits.app */ = {isa = PBXFileReference; explicitFileType = wrapper.application; includeInIndex = 0; path = SharedCarSuits.app; sourceTree = BUILT_PRODUCTS_DIR; };
		05972519201EF3DD00E7EFFB /* AppDelegate.h */ = {isa = PBXFileReference; lastKnownFileType = sourcecode.c.h; path = AppDelegate.h; sourceTree = "<group>"; };
		0597251A201EF3DD00E7EFFB /* AppDelegate.m */ = {isa = PBXFileReference; lastKnownFileType = sourcecode.c.objc; path = AppDelegate.m; sourceTree = "<group>"; };
		05972522201EF3DD00E7EFFB /* Assets.xcassets */ = {isa = PBXFileReference; lastKnownFileType = folder.assetcatalog; path = Assets.xcassets; sourceTree = "<group>"; };
		05972525201EF3DD00E7EFFB /* Base */ = {isa = PBXFileReference; lastKnownFileType = file.storyboard; name = Base; path = Base.lproj/LaunchScreen.storyboard; sourceTree = "<group>"; };
		05972527201EF3DD00E7EFFB /* Info.plist */ = {isa = PBXFileReference; lastKnownFileType = text.plist.xml; path = Info.plist; sourceTree = "<group>"; };
		05972528201EF3DD00E7EFFB /* main.m */ = {isa = PBXFileReference; lastKnownFileType = sourcecode.c.objc; path = main.m; sourceTree = "<group>"; };
		0597252E201EF3DD00E7EFFB /* SharedCarSuitsTests.xctest */ = {isa = PBXFileReference; explicitFileType = wrapper.cfbundle; includeInIndex = 0; path = SharedCarSuitsTests.xctest; sourceTree = BUILT_PRODUCTS_DIR; };
		05972532201EF3DD00E7EFFB /* SharedCarSuitsTests.m */ = {isa = PBXFileReference; lastKnownFileType = sourcecode.c.objc; path = SharedCarSuitsTests.m; sourceTree = "<group>"; };
		05972534201EF3DD00E7EFFB /* Info.plist */ = {isa = PBXFileReference; lastKnownFileType = text.plist.xml; path = Info.plist; sourceTree = "<group>"; };
		05972539201EF3DD00E7EFFB /* SharedCarSuitsUITests.xctest */ = {isa = PBXFileReference; explicitFileType = wrapper.cfbundle; includeInIndex = 0; path = SharedCarSuitsUITests.xctest; sourceTree = BUILT_PRODUCTS_DIR; };
		0597253D201EF3DD00E7EFFB /* SharedCarSuitsUITests.m */ = {isa = PBXFileReference; lastKnownFileType = sourcecode.c.objc; path = SharedCarSuitsUITests.m; sourceTree = "<group>"; };
		0597253F201EF3DD00E7EFFB /* Info.plist */ = {isa = PBXFileReference; lastKnownFileType = text.plist.xml; path = Info.plist; sourceTree = "<group>"; };
		05C9422E202D69CC00B78CA4 /* NSArray+Category.h */ = {isa = PBXFileReference; fileEncoding = 4; lastKnownFileType = sourcecode.c.h; path = "NSArray+Category.h"; sourceTree = "<group>"; };
		05C9422F202D69CC00B78CA4 /* NSArray+Category.m */ = {isa = PBXFileReference; fileEncoding = 4; lastKnownFileType = sourcecode.c.objc; path = "NSArray+Category.m"; sourceTree = "<group>"; };
		05C94230202D69CC00B78CA4 /* NSMutableArray+Category.h */ = {isa = PBXFileReference; fileEncoding = 4; lastKnownFileType = sourcecode.c.h; path = "NSMutableArray+Category.h"; sourceTree = "<group>"; };
		05C94231202D69CC00B78CA4 /* NSMutableArray+Category.m */ = {isa = PBXFileReference; fileEncoding = 4; lastKnownFileType = sourcecode.c.objc; path = "NSMutableArray+Category.m"; sourceTree = "<group>"; };
		05C9423B202D6B1500B78CA4 /* SCHomePageViewController.h */ = {isa = PBXFileReference; fileEncoding = 4; lastKnownFileType = sourcecode.c.h; path = SCHomePageViewController.h; sourceTree = "<group>"; };
		05C9423C202D6B1500B78CA4 /* SCHomePageViewController.m */ = {isa = PBXFileReference; fileEncoding = 4; lastKnownFileType = sourcecode.c.objc; path = SCHomePageViewController.m; sourceTree = "<group>"; };
		05C9423E202D6B1500B78CA4 /* SCMineViewController.h */ = {isa = PBXFileReference; fileEncoding = 4; lastKnownFileType = sourcecode.c.h; path = SCMineViewController.h; sourceTree = "<group>"; };
		05C9423F202D6B1500B78CA4 /* SCMineViewController.m */ = {isa = PBXFileReference; fileEncoding = 4; lastKnownFileType = sourcecode.c.objc; path = SCMineViewController.m; sourceTree = "<group>"; };
		05C94241202D6B1500B78CA4 /* SCReservationViewController.h */ = {isa = PBXFileReference; fileEncoding = 4; lastKnownFileType = sourcecode.c.h; path = SCReservationViewController.h; sourceTree = "<group>"; };
		05C94242202D6B1500B78CA4 /* SCReservationViewController.m */ = {isa = PBXFileReference; fileEncoding = 4; lastKnownFileType = sourcecode.c.objc; path = SCReservationViewController.m; sourceTree = "<group>"; };
		05C94247202D6BD100B78CA4 /* SCBaseNavigationController.h */ = {isa = PBXFileReference; fileEncoding = 4; lastKnownFileType = sourcecode.c.h; path = SCBaseNavigationController.h; sourceTree = "<group>"; };
		05C94248202D6BD100B78CA4 /* SCBaseViewController.m */ = {isa = PBXFileReference; fileEncoding = 4; lastKnownFileType = sourcecode.c.objc; path = SCBaseViewController.m; sourceTree = "<group>"; };
		05C94249202D6BD100B78CA4 /* SCHomeTabBarController.m */ = {isa = PBXFileReference; fileEncoding = 4; lastKnownFileType = sourcecode.c.objc; path = SCHomeTabBarController.m; sourceTree = "<group>"; };
		05C9424A202D6BD100B78CA4 /* SCHomeTabBarController.h */ = {isa = PBXFileReference; fileEncoding = 4; lastKnownFileType = sourcecode.c.h; path = SCHomeTabBarController.h; sourceTree = "<group>"; };
		05C9424B202D6BD200B78CA4 /* SCBaseNavigationController.m */ = {isa = PBXFileReference; fileEncoding = 4; lastKnownFileType = sourcecode.c.objc; path = SCBaseNavigationController.m; sourceTree = "<group>"; };
		05C9424C202D6BD200B78CA4 /* SCBaseTableViewController.h */ = {isa = PBXFileReference; fileEncoding = 4; lastKnownFileType = sourcecode.c.h; path = SCBaseTableViewController.h; sourceTree = "<group>"; };
		05C9424D202D6BD200B78CA4 /* SCBaseTableViewController.m */ = {isa = PBXFileReference; fileEncoding = 4; lastKnownFileType = sourcecode.c.objc; path = SCBaseTableViewController.m; sourceTree = "<group>"; };
		05C9424E202D6BD200B78CA4 /* SCBaseViewController.h */ = {isa = PBXFileReference; fileEncoding = 4; lastKnownFileType = sourcecode.c.h; path = SCBaseViewController.h; sourceTree = "<group>"; };
		05C94257202D7F3900B78CA4 /* UIColor+Additional.h */ = {isa = PBXFileReference; lastKnownFileType = sourcecode.c.h; path = "UIColor+Additional.h"; sourceTree = "<group>"; };
		05C94258202D7F3900B78CA4 /* UIColor+Additional.m */ = {isa = PBXFileReference; lastKnownFileType = sourcecode.c.objc; path = "UIColor+Additional.m"; sourceTree = "<group>"; };
		05C9425A202D7F4700B78CA4 /* UIColor+CDF.h */ = {isa = PBXFileReference; lastKnownFileType = sourcecode.c.h; path = "UIColor+CDF.h"; sourceTree = "<group>"; };
		05C9425B202D7F4700B78CA4 /* UIColor+CDF.m */ = {isa = PBXFileReference; lastKnownFileType = sourcecode.c.objc; path = "UIColor+CDF.m"; sourceTree = "<group>"; };
		05C94260202D854E00B78CA4 /* SCSharedCarSuitsClient.h */ = {isa = PBXFileReference; lastKnownFileType = sourcecode.c.h; path = SCSharedCarSuitsClient.h; sourceTree = "<group>"; };
		05C94261202D854E00B78CA4 /* SCSharedCarSuitsClient.m */ = {isa = PBXFileReference; lastKnownFileType = sourcecode.c.objc; path = SCSharedCarSuitsClient.m; sourceTree = "<group>"; };
		05C94265202D8A3400B78CA4 /* PrefixHeader.pch */ = {isa = PBXFileReference; lastKnownFileType = sourcecode.c.h; path = PrefixHeader.pch; sourceTree = "<group>"; };
		05C94266202D8C0600B78CA4 /* SCDeviceConst.h */ = {isa = PBXFileReference; lastKnownFileType = sourcecode.c.h; path = SCDeviceConst.h; sourceTree = "<group>"; };
		05C94267202D8C3500B78CA4 /* SCRouterURLHeaderConst.h */ = {isa = PBXFileReference; lastKnownFileType = sourcecode.c.h; path = SCRouterURLHeaderConst.h; sourceTree = "<group>"; };
		05C94268202D8E9900B78CA4 /* SCThirdInfoConst.h */ = {isa = PBXFileReference; lastKnownFileType = sourcecode.c.h; path = SCThirdInfoConst.h; sourceTree = "<group>"; };
		05C9426A202E8CE800B78CA4 /* SCLaunchViewController.h */ = {isa = PBXFileReference; lastKnownFileType = sourcecode.c.h; path = SCLaunchViewController.h; sourceTree = "<group>"; };
		05C9426B202E8CE800B78CA4 /* SCLaunchViewController.m */ = {isa = PBXFileReference; lastKnownFileType = sourcecode.c.objc; path = SCLaunchViewController.m; sourceTree = "<group>"; };
		05C9426E202E8E3800B78CA4 /* SCLoginView.h */ = {isa = PBXFileReference; lastKnownFileType = sourcecode.c.h; path = SCLoginView.h; sourceTree = "<group>"; };
		05C9426F202E8E3800B78CA4 /* SCLoginView.m */ = {isa = PBXFileReference; lastKnownFileType = sourcecode.c.objc; path = SCLoginView.m; sourceTree = "<group>"; };
		05C94271202E907700B78CA4 /* UIFont+Addition.h */ = {isa = PBXFileReference; fileEncoding = 4; lastKnownFileType = sourcecode.c.h; path = "UIFont+Addition.h"; sourceTree = "<group>"; };
		05C94272202E907700B78CA4 /* UIFont+Addition.m */ = {isa = PBXFileReference; fileEncoding = 4; lastKnownFileType = sourcecode.c.objc; path = "UIFont+Addition.m"; sourceTree = "<group>"; };
		05C94275202EA1C700B78CA4 /* UIView+CDFFrame.m */ = {isa = PBXFileReference; fileEncoding = 4; lastKnownFileType = sourcecode.c.objc; path = "UIView+CDFFrame.m"; sourceTree = "<group>"; };
		05C94276202EA1C700B78CA4 /* UIView+CDFFrame.h */ = {isa = PBXFileReference; fileEncoding = 4; lastKnownFileType = sourcecode.c.h; path = "UIView+CDFFrame.h"; sourceTree = "<group>"; };
		05C9427A202EB1DC00B78CA4 /* SCFindPasswordController.h */ = {isa = PBXFileReference; lastKnownFileType = sourcecode.c.h; path = SCFindPasswordController.h; sourceTree = "<group>"; };
		05C9427B202EB1DC00B78CA4 /* SCFindPasswordController.m */ = {isa = PBXFileReference; lastKnownFileType = sourcecode.c.objc; path = SCFindPasswordController.m; sourceTree = "<group>"; };
		05C9427D202EB32400B78CA4 /* UIViewController+Utility.h */ = {isa = PBXFileReference; lastKnownFileType = sourcecode.c.h; path = "UIViewController+Utility.h"; sourceTree = "<group>"; };
		05C9427E202EB32400B78CA4 /* UIViewController+Utility.m */ = {isa = PBXFileReference; lastKnownFileType = sourcecode.c.objc; path = "UIViewController+Utility.m"; sourceTree = "<group>"; };
		05C94280202EB3C800B78CA4 /* UIButton+Navigation.m */ = {isa = PBXFileReference; fileEncoding = 4; lastKnownFileType = sourcecode.c.objc; path = "UIButton+Navigation.m"; sourceTree = "<group>"; };
		05C94281202EB3C800B78CA4 /* UIButton+Navigation.h */ = {isa = PBXFileReference; fileEncoding = 4; lastKnownFileType = sourcecode.c.h; path = "UIButton+Navigation.h"; sourceTree = "<group>"; };
		05C94283202EB3D000B78CA4 /* UIBarButtonItem+Spacing.h */ = {isa = PBXFileReference; fileEncoding = 4; lastKnownFileType = sourcecode.c.h; path = "UIBarButtonItem+Spacing.h"; sourceTree = "<group>"; };
		05C94284202EB3D000B78CA4 /* UIBarButtonItem+Spacing.m */ = {isa = PBXFileReference; fileEncoding = 4; lastKnownFileType = sourcecode.c.objc; path = "UIBarButtonItem+Spacing.m"; sourceTree = "<group>"; };
		05C94286202EB85000B78CA4 /* SCRetrieveThePasswordView.h */ = {isa = PBXFileReference; lastKnownFileType = sourcecode.c.h; path = SCRetrieveThePasswordView.h; sourceTree = "<group>"; };
		05C94287202EB85000B78CA4 /* SCRetrieveThePasswordView.m */ = {isa = PBXFileReference; lastKnownFileType = sourcecode.c.objc; path = SCRetrieveThePasswordView.m; sourceTree = "<group>"; };
		05C94289202EC39A00B78CA4 /* SCFindPasswordUpatePasswordController.h */ = {isa = PBXFileReference; lastKnownFileType = sourcecode.c.h; path = SCFindPasswordUpatePasswordController.h; sourceTree = "<group>"; };
		05C9428A202EC39A00B78CA4 /* SCFindPasswordUpatePasswordController.m */ = {isa = PBXFileReference; lastKnownFileType = sourcecode.c.objc; path = SCFindPasswordUpatePasswordController.m; sourceTree = "<group>"; };
		05C9428C202EC44700B78CA4 /* SCFindPasswordUpatePasswordView.h */ = {isa = PBXFileReference; lastKnownFileType = sourcecode.c.h; path = SCFindPasswordUpatePasswordView.h; sourceTree = "<group>"; };
		05C9428D202EC44700B78CA4 /* SCFindPasswordUpatePasswordView.m */ = {isa = PBXFileReference; lastKnownFileType = sourcecode.c.objc; path = SCFindPasswordUpatePasswordView.m; sourceTree = "<group>"; };
		05C94290202ECAE600B78CA4 /* SCRegisterViewController.h */ = {isa = PBXFileReference; lastKnownFileType = sourcecode.c.h; path = SCRegisterViewController.h; sourceTree = "<group>"; };
		05C94291202ECAE600B78CA4 /* SCRegisterViewController.m */ = {isa = PBXFileReference; lastKnownFileType = sourcecode.c.objc; path = SCRegisterViewController.m; sourceTree = "<group>"; };
		05C94293202ECEE300B78CA4 /* SCRegisterViewUpatePasswordController.h */ = {isa = PBXFileReference; lastKnownFileType = sourcecode.c.h; path = SCRegisterViewUpatePasswordController.h; sourceTree = "<group>"; };
		05C94294202ECEE300B78CA4 /* SCRegisterViewUpatePasswordController.m */ = {isa = PBXFileReference; lastKnownFileType = sourcecode.c.objc; path = SCRegisterViewUpatePasswordController.m; sourceTree = "<group>"; };
		05C94296202ED00100B78CA4 /* SCProjectConst.h */ = {isa = PBXFileReference; lastKnownFileType = sourcecode.c.h; path = SCProjectConst.h; sourceTree = "<group>"; };
		05C94297202ED0E600B78CA4 /* SCRegisterViewCarInfoViewController.h */ = {isa = PBXFileReference; lastKnownFileType = sourcecode.c.h; path = SCRegisterViewCarInfoViewController.h; sourceTree = "<group>"; };
		05C94298202ED0E600B78CA4 /* SCRegisterViewCarInfoViewController.m */ = {isa = PBXFileReference; lastKnownFileType = sourcecode.c.objc; path = SCRegisterViewCarInfoViewController.m; sourceTree = "<group>"; };
		05C9429B202ED16600B78CA4 /* SCRegisterViewCarInfoView.h */ = {isa = PBXFileReference; lastKnownFileType = sourcecode.c.h; path = SCRegisterViewCarInfoView.h; sourceTree = "<group>"; };
		05C9429C202ED16600B78CA4 /* SCRegisterViewCarInfoView.m */ = {isa = PBXFileReference; lastKnownFileType = sourcecode.c.objc; path = SCRegisterViewCarInfoView.m; sourceTree = "<group>"; };
		05C942DC203062D800B78CA4 /* SCChoiseAreaView.h */ = {isa = PBXFileReference; lastKnownFileType = sourcecode.c.h; path = SCChoiseAreaView.h; sourceTree = "<group>"; };
		05C942DD203062D800B78CA4 /* SCChoiseAreaView.m */ = {isa = PBXFileReference; lastKnownFileType = sourcecode.c.objc; path = SCChoiseAreaView.m; sourceTree = "<group>"; };
		05D34DBF2031BCC3002AADA4 /* SCManager+CommonMethods.h */ = {isa = PBXFileReference; lastKnownFileType = sourcecode.c.h; path = "SCManager+CommonMethods.h"; sourceTree = "<group>"; };
		05D34DC02031BCC3002AADA4 /* SCManager+CommonMethods.m */ = {isa = PBXFileReference; lastKnownFileType = sourcecode.c.objc; path = "SCManager+CommonMethods.m"; sourceTree = "<group>"; };
		05D34DC22031BF0A002AADA4 /* SCMineViewControllerSectionCell.h */ = {isa = PBXFileReference; lastKnownFileType = sourcecode.c.h; path = SCMineViewControllerSectionCell.h; sourceTree = "<group>"; };
		05D34DC32031BF0A002AADA4 /* SCMineViewControllerSectionCell.m */ = {isa = PBXFileReference; lastKnownFileType = sourcecode.c.objc; path = SCMineViewControllerSectionCell.m; sourceTree = "<group>"; };
		05D34DC52031CD33002AADA4 /* SCSettingViewController.h */ = {isa = PBXFileReference; lastKnownFileType = sourcecode.c.h; path = SCSettingViewController.h; sourceTree = "<group>"; };
		05D34DC62031CD33002AADA4 /* SCSettingViewController.m */ = {isa = PBXFileReference; lastKnownFileType = sourcecode.c.objc; path = SCSettingViewController.m; sourceTree = "<group>"; };
		05D34DC82032C043002AADA4 /* SCEditorUserInfoViewController.h */ = {isa = PBXFileReference; lastKnownFileType = sourcecode.c.h; path = SCEditorUserInfoViewController.h; sourceTree = "<group>"; };
		05D34DC92032C043002AADA4 /* SCEditorUserInfoViewController.m */ = {isa = PBXFileReference; lastKnownFileType = sourcecode.c.objc; path = SCEditorUserInfoViewController.m; sourceTree = "<group>"; };
		05D34DCB2032CA17002AADA4 /* SCExitShowTipsView.h */ = {isa = PBXFileReference; lastKnownFileType = sourcecode.c.h; path = SCExitShowTipsView.h; sourceTree = "<group>"; };
		05D34DCC2032CA17002AADA4 /* SCExitShowTipsView.m */ = {isa = PBXFileReference; lastKnownFileType = sourcecode.c.objc; path = SCExitShowTipsView.m; sourceTree = "<group>"; };
		05DAD55620307ED7000E13C2 /* SCChoiseCarNumberView.h */ = {isa = PBXFileReference; lastKnownFileType = sourcecode.c.h; path = SCChoiseCarNumberView.h; sourceTree = "<group>"; };
		05DAD55720307ED7000E13C2 /* SCChoiseCarNumberView.m */ = {isa = PBXFileReference; lastKnownFileType = sourcecode.c.objc; path = SCChoiseCarNumberView.m; sourceTree = "<group>"; };
		05DAD55A203098B3000E13C2 /* SCMineViewHeaderView.h */ = {isa = PBXFileReference; lastKnownFileType = sourcecode.c.h; path = SCMineViewHeaderView.h; sourceTree = "<group>"; };
		05DAD55B203098B3000E13C2 /* SCMineViewHeaderView.m */ = {isa = PBXFileReference; lastKnownFileType = sourcecode.c.objc; path = SCMineViewHeaderView.m; sourceTree = "<group>"; };
		05DAD55E20316D6D000E13C2 /* NSString+Predicate.h */ = {isa = PBXFileReference; lastKnownFileType = sourcecode.c.h; path = "NSString+Predicate.h"; sourceTree = "<group>"; };
		05DAD55F20316D6D000E13C2 /* NSString+Predicate.m */ = {isa = PBXFileReference; lastKnownFileType = sourcecode.c.objc; path = "NSString+Predicate.m"; sourceTree = "<group>"; };
		05DAD56220317223000E13C2 /* SCManager.h */ = {isa = PBXFileReference; lastKnownFileType = sourcecode.c.h; path = SCManager.h; sourceTree = "<group>"; };
		05DAD56320317223000E13C2 /* SCManager.m */ = {isa = PBXFileReference; lastKnownFileType = sourcecode.c.objc; path = SCManager.m; sourceTree = "<group>"; };
		05DAD5652031727C000E13C2 /* SCManager+Login.h */ = {isa = PBXFileReference; lastKnownFileType = sourcecode.c.h; path = "SCManager+Login.h"; sourceTree = "<group>"; };
		05DAD5662031727C000E13C2 /* SCManager+Login.m */ = {isa = PBXFileReference; lastKnownFileType = sourcecode.c.objc; path = "SCManager+Login.m"; sourceTree = "<group>"; };
		05DAD568203172E8000E13C2 /* SCManager+AppInfo.h */ = {isa = PBXFileReference; lastKnownFileType = sourcecode.c.h; path = "SCManager+AppInfo.h"; sourceTree = "<group>"; };
		05DAD569203172E8000E13C2 /* SCManager+AppInfo.m */ = {isa = PBXFileReference; lastKnownFileType = sourcecode.c.objc; path = "SCManager+AppInfo.m"; sourceTree = "<group>"; };
		05DAD56B203175EC000E13C2 /* SCManager+Keyboard.h */ = {isa = PBXFileReference; lastKnownFileType = sourcecode.c.h; path = "SCManager+Keyboard.h"; sourceTree = "<group>"; };
		05DAD56C203175EC000E13C2 /* SCManager+Keyboard.m */ = {isa = PBXFileReference; lastKnownFileType = sourcecode.c.objc; path = "SCManager+Keyboard.m"; sourceTree = "<group>"; };
		05DAD56E20317A2C000E13C2 /* SCManager+MBProgressHUD.h */ = {isa = PBXFileReference; lastKnownFileType = sourcecode.c.h; path = "SCManager+MBProgressHUD.h"; sourceTree = "<group>"; };
		05DAD56F20317A2C000E13C2 /* SCManager+MBProgressHUD.m */ = {isa = PBXFileReference; lastKnownFileType = sourcecode.c.objc; path = "SCManager+MBProgressHUD.m"; sourceTree = "<group>"; };
		05E94F6F2032D80200210BE3 /* SCEditorIconView.h */ = {isa = PBXFileReference; lastKnownFileType = sourcecode.c.h; path = SCEditorIconView.h; sourceTree = "<group>"; };
		05E94F702032D80200210BE3 /* SCEditorIconView.m */ = {isa = PBXFileReference; lastKnownFileType = sourcecode.c.objc; path = SCEditorIconView.m; sourceTree = "<group>"; };
		05E94F722032DC3600210BE3 /* SCEditorUserInfoViewController+ImagePickerController.h */ = {isa = PBXFileReference; lastKnownFileType = sourcecode.c.h; path = "SCEditorUserInfoViewController+ImagePickerController.h"; sourceTree = "<group>"; };
		05E94F732032DC3600210BE3 /* SCEditorUserInfoViewController+ImagePickerController.m */ = {isa = PBXFileReference; lastKnownFileType = sourcecode.c.objc; path = "SCEditorUserInfoViewController+ImagePickerController.m"; sourceTree = "<group>"; };
		05E94F752032E4F800210BE3 /* SCMyGarageViewController.h */ = {isa = PBXFileReference; lastKnownFileType = sourcecode.c.h; path = SCMyGarageViewController.h; sourceTree = "<group>"; };
		05E94F762032E4F800210BE3 /* SCMyGarageViewController.m */ = {isa = PBXFileReference; lastKnownFileType = sourcecode.c.objc; path = SCMyGarageViewController.m; sourceTree = "<group>"; };
		05E94F782032E64B00210BE3 /* SCMyGarageViewCell.h */ = {isa = PBXFileReference; lastKnownFileType = sourcecode.c.h; path = SCMyGarageViewCell.h; sourceTree = "<group>"; };
		05E94F792032E64B00210BE3 /* SCMyGarageViewCell.m */ = {isa = PBXFileReference; lastKnownFileType = sourcecode.c.objc; path = SCMyGarageViewCell.m; sourceTree = "<group>"; };
		05E94F7B203318C500210BE3 /* SCMyGarageViewDeletViewAlertView.h */ = {isa = PBXFileReference; lastKnownFileType = sourcecode.c.h; path = SCMyGarageViewDeletViewAlertView.h; sourceTree = "<group>"; };
		05E94F7C203318C500210BE3 /* SCMyGarageViewDeletViewAlertView.m */ = {isa = PBXFileReference; lastKnownFileType = sourcecode.c.objc; path = SCMyGarageViewDeletViewAlertView.m; sourceTree = "<group>"; };
		05E94F812033317700210BE3 /* SCHomePageSectionOneCell.h */ = {isa = PBXFileReference; lastKnownFileType = sourcecode.c.h; path = SCHomePageSectionOneCell.h; sourceTree = "<group>"; };
		05E94F822033317700210BE3 /* SCHomePageSectionOneCell.m */ = {isa = PBXFileReference; lastKnownFileType = sourcecode.c.objc; path = SCHomePageSectionOneCell.m; sourceTree = "<group>"; };
		05E94F842033318500210BE3 /* SCHomePageSectionTwoCell.h */ = {isa = PBXFileReference; lastKnownFileType = sourcecode.c.h; path = SCHomePageSectionTwoCell.h; sourceTree = "<group>"; };
		05E94F852033318500210BE3 /* SCHomePageSectionTwoCell.m */ = {isa = PBXFileReference; lastKnownFileType = sourcecode.c.objc; path = SCHomePageSectionTwoCell.m; sourceTree = "<group>"; };
		2395F901FF494BAEC814C9AA /* Pods-SharedCarSuitsUITests.release.xcconfig */ = {isa = PBXFileReference; includeInIndex = 1; lastKnownFileType = text.xcconfig; name = "Pods-SharedCarSuitsUITests.release.xcconfig"; path = "Pods/Target Support Files/Pods-SharedCarSuitsUITests/Pods-SharedCarSuitsUITests.release.xcconfig"; sourceTree = "<group>"; };
		39F0ED9ACAE88E8ED7934748 /* Pods-SharedCarSuits.debug.xcconfig */ = {isa = PBXFileReference; includeInIndex = 1; lastKnownFileType = text.xcconfig; name = "Pods-SharedCarSuits.debug.xcconfig"; path = "Pods/Target Support Files/Pods-SharedCarSuits/Pods-SharedCarSuits.debug.xcconfig"; sourceTree = "<group>"; };
		3FA8F58B19238B9921B044F9 /* Pods-SharedCarSuitsTests.debug.xcconfig */ = {isa = PBXFileReference; includeInIndex = 1; lastKnownFileType = text.xcconfig; name = "Pods-SharedCarSuitsTests.debug.xcconfig"; path = "Pods/Target Support Files/Pods-SharedCarSuitsTests/Pods-SharedCarSuitsTests.debug.xcconfig"; sourceTree = "<group>"; };
		60A4C0452F94898FC366DE15 /* libPods-SharedCarSuitsTests.a */ = {isa = PBXFileReference; explicitFileType = archive.ar; includeInIndex = 0; path = "libPods-SharedCarSuitsTests.a"; sourceTree = BUILT_PRODUCTS_DIR; };
		6ACE2CCEB2825ABBD9CC5D25 /* Pods-SharedCarSuits.release.xcconfig */ = {isa = PBXFileReference; includeInIndex = 1; lastKnownFileType = text.xcconfig; name = "Pods-SharedCarSuits.release.xcconfig"; path = "Pods/Target Support Files/Pods-SharedCarSuits/Pods-SharedCarSuits.release.xcconfig"; sourceTree = "<group>"; };
		85EB3A99F0A1ADC78ECB743F /* Pods-SharedCarSuitsUITests.debug.xcconfig */ = {isa = PBXFileReference; includeInIndex = 1; lastKnownFileType = text.xcconfig; name = "Pods-SharedCarSuitsUITests.debug.xcconfig"; path = "Pods/Target Support Files/Pods-SharedCarSuitsUITests/Pods-SharedCarSuitsUITests.debug.xcconfig"; sourceTree = "<group>"; };
		9A472414CD2D0246B21E28B1 /* Pods-SharedCarSuitsTests.release.xcconfig */ = {isa = PBXFileReference; includeInIndex = 1; lastKnownFileType = text.xcconfig; name = "Pods-SharedCarSuitsTests.release.xcconfig"; path = "Pods/Target Support Files/Pods-SharedCarSuitsTests/Pods-SharedCarSuitsTests.release.xcconfig"; sourceTree = "<group>"; };
		ABEC7B6670E2B583689B8B8C /* libPods-SharedCarSuits.a */ = {isa = PBXFileReference; explicitFileType = archive.ar; includeInIndex = 0; path = "libPods-SharedCarSuits.a"; sourceTree = BUILT_PRODUCTS_DIR; };
		E8B31BBBBF74AC20BFA0ECB8 /* libPods-SharedCarSuitsUITests.a */ = {isa = PBXFileReference; explicitFileType = archive.ar; includeInIndex = 0; path = "libPods-SharedCarSuitsUITests.a"; sourceTree = BUILT_PRODUCTS_DIR; };
/* End PBXFileReference section */

/* Begin PBXFrameworksBuildPhase section */
		05972513201EF3DD00E7EFFB /* Frameworks */ = {
			isa = PBXFrameworksBuildPhase;
			buildActionMask = 2147483647;
			files = (
				B54ACDE8FDCE0F818429C677 /* libPods-SharedCarSuits.a in Frameworks */,
			);
			runOnlyForDeploymentPostprocessing = 0;
		};
		0597252B201EF3DD00E7EFFB /* Frameworks */ = {
			isa = PBXFrameworksBuildPhase;
			buildActionMask = 2147483647;
			files = (
				F0363A110D61A92361150273 /* libPods-SharedCarSuitsTests.a in Frameworks */,
			);
			runOnlyForDeploymentPostprocessing = 0;
		};
		05972536201EF3DD00E7EFFB /* Frameworks */ = {
			isa = PBXFrameworksBuildPhase;
			buildActionMask = 2147483647;
			files = (
				A7A03487A480F79B5C5D8C66 /* libPods-SharedCarSuitsUITests.a in Frameworks */,
			);
			runOnlyForDeploymentPostprocessing = 0;
		};
/* End PBXFrameworksBuildPhase section */

/* Begin PBXGroup section */
		0573B0152038259B0017D852 /* View */ = {
			isa = PBXGroup;
			children = (
				0573B016203825B30017D852 /* SCReservationViewCell.h */,
				0573B017203825B30017D852 /* SCReservationViewCell.m */,
				0571C17320413775002781B4 /* SCReservationAlertView.h */,
				0571C17420413775002781B4 /* SCReservationAlertView.m */,
				05626CC32041458700714531 /* SCMakeAnAppointmentprocessCell.h */,
				05626CC42041458700714531 /* SCMakeAnAppointmentprocessCell.m */,
			);
			path = View;
			sourceTree = "<group>";
		};
		0573B026203D51350017D852 /* Model */ = {
			isa = PBXGroup;
			children = (
				0573B027203D516D0017D852 /* SCCouponModel.h */,
				0573B028203D516D0017D852 /* SCCouponModel.m */,
				0573B02A203D53C50017D852 /* SCMyGarageListPageModel.h */,
				0573B02B203D53C50017D852 /* SCMyGarageListPageModel.m */,
				0571C16C204120DC002781B4 /* SCLoginResponseObjectModel.h */,
				0571C16D204120DC002781B4 /* SCLoginResponseObjectModel.m */,
				05626CD9204302C400714531 /* SCChoiseBrandModel.h */,
				05626CDA204302C400714531 /* SCChoiseBrandModel.m */,
				05626CDC2043030600714531 /* SCChoiseBrandCarGroupModel.h */,
				05626CDD2043030600714531 /* SCChoiseBrandCarGroupModel.m */,
				05626CDF204309FE00714531 /* SCUserModel.h */,
				05626CE0204309FE00714531 /* SCUserModel.m */,
			);
			path = Model;
			sourceTree = "<group>";
		};
		058379F0202A02B400FE6F3F /* Category */ = {
			isa = PBXGroup;
			children = (
				05C94274202EA1A600B78CA4 /* UIView */,
				05C94253202D7EDA00B78CA4 /* UIKit */,
				05C94232202D69CC00B78CA4 /* Foundation */,
				05C9422D202D69CC00B78CA4 /* NSArray */,
			);
			path = Category;
			sourceTree = "<group>";
		};
		0597250D201EF3DD00E7EFFB = {
			isa = PBXGroup;
			children = (
				05C9425E202D84DC00B78CA4 /* SharedCarSuitsExtension */,
				05C94239202D6B1500B78CA4 /* ViewController */,
				05972518201EF3DD00E7EFFB /* SharedCarSuits */,
				05972531201EF3DD00E7EFFB /* SharedCarSuitsTests */,
				0597253C201EF3DD00E7EFFB /* SharedCarSuitsUITests */,
				05972517201EF3DD00E7EFFB /* Products */,
				70C5A2F7AB093DE3D39B4CBA /* Pods */,
				8B91FD0D546FB20916FEEA2C /* Frameworks */,
			);
			sourceTree = "<group>";
		};
		05972517201EF3DD00E7EFFB /* Products */ = {
			isa = PBXGroup;
			children = (
				05972516201EF3DD00E7EFFB /* SharedCarSuits.app */,
				0597252E201EF3DD00E7EFFB /* SharedCarSuitsTests.xctest */,
				05972539201EF3DD00E7EFFB /* SharedCarSuitsUITests.xctest */,
			);
			name = Products;
			sourceTree = "<group>";
		};
		05972518201EF3DD00E7EFFB /* SharedCarSuits */ = {
			isa = PBXGroup;
			children = (
				0573B026203D51350017D852 /* Model */,
				0597254B201EF73100E7EFFB /* Common */,
				05972519201EF3DD00E7EFFB /* AppDelegate.h */,
				0597251A201EF3DD00E7EFFB /* AppDelegate.m */,
				05972522201EF3DD00E7EFFB /* Assets.xcassets */,
				05972524201EF3DD00E7EFFB /* LaunchScreen.storyboard */,
				05972527201EF3DD00E7EFFB /* Info.plist */,
				05972528201EF3DD00E7EFFB /* main.m */,
				0573B02D203E70B90017D852 /* citydict.plist */,
			);
			path = SharedCarSuits;
			sourceTree = "<group>";
		};
		05972531201EF3DD00E7EFFB /* SharedCarSuitsTests */ = {
			isa = PBXGroup;
			children = (
				05972532201EF3DD00E7EFFB /* SharedCarSuitsTests.m */,
				05972534201EF3DD00E7EFFB /* Info.plist */,
			);
			path = SharedCarSuitsTests;
			sourceTree = "<group>";
		};
		0597253C201EF3DD00E7EFFB /* SharedCarSuitsUITests */ = {
			isa = PBXGroup;
			children = (
				0597253D201EF3DD00E7EFFB /* SharedCarSuitsUITests.m */,
				0597253F201EF3DD00E7EFFB /* Info.plist */,
			);
			path = SharedCarSuitsUITests;
			sourceTree = "<group>";
		};
		0597254B201EF73100E7EFFB /* Common */ = {
			isa = PBXGroup;
			children = (
				0573B024203C09F50017D852 /* GSKeyChain.h */,
				0573B023203C09F50017D852 /* GSKeyChain.m */,
				05DAD56120317208000E13C2 /* AppManager */,
				058379F0202A02B400FE6F3F /* Category */,
			);
			path = Common;
			sourceTree = "<group>";
		};
		05C9422D202D69CC00B78CA4 /* NSArray */ = {
			isa = PBXGroup;
			children = (
				05C9422E202D69CC00B78CA4 /* NSArray+Category.h */,
				05C9422F202D69CC00B78CA4 /* NSArray+Category.m */,
				05C94230202D69CC00B78CA4 /* NSMutableArray+Category.h */,
				05C94231202D69CC00B78CA4 /* NSMutableArray+Category.m */,
			);
			path = NSArray;
			sourceTree = "<group>";
		};
		05C94232202D69CC00B78CA4 /* Foundation */ = {
			isa = PBXGroup;
			children = (
				05DAD55D20316D26000E13C2 /* NSString */,
				05C94233202D69CC00B78CA4 /* NSDictionary */,
			);
			path = Foundation;
			sourceTree = "<group>";
		};
		05C94233202D69CC00B78CA4 /* NSDictionary */ = {
			isa = PBXGroup;
			children = (
			);
			path = NSDictionary;
			sourceTree = "<group>";
		};
		05C94239202D6B1500B78CA4 /* ViewController */ = {
			isa = PBXGroup;
			children = (
				05C9428F202ECAC300B78CA4 /* Register */,
				05C94269202E8CC400B78CA4 /* LaunchViewController */,
				05C9425D202D828C00B78CA4 /* Login */,
				05C94246202D6BC600B78CA4 /* Base */,
				05C9423A202D6B1500B78CA4 /* HomePageController */,
				05C9423D202D6B1500B78CA4 /* Mine */,
				05C94240202D6B1500B78CA4 /* ReservationController */,
			);
			path = ViewController;
			sourceTree = "<group>";
		};
		05C9423A202D6B1500B78CA4 /* HomePageController */ = {
			isa = PBXGroup;
			children = (
				05E94F802033310900210BE3 /* View */,
				05C9423B202D6B1500B78CA4 /* SCHomePageViewController.h */,
				05C9423C202D6B1500B78CA4 /* SCHomePageViewController.m */,
				0573B02F203E71440017D852 /* SCCityListController.h */,
				0573B030203E71440017D852 /* SCCityListController.m */,
				0573B032203E75430017D852 /* SCReceiveCouponsViewConroller.h */,
				0573B033203E75430017D852 /* SCReceiveCouponsViewConroller.m */,
			);
			path = HomePageController;
			sourceTree = "<group>";
		};
		05C9423D202D6B1500B78CA4 /* Mine */ = {
			isa = PBXGroup;
			children = (
				05DAD559203098A1000E13C2 /* View */,
				05C9423E202D6B1500B78CA4 /* SCMineViewController.h */,
				05C9423F202D6B1500B78CA4 /* SCMineViewController.m */,
				05D34DC52031CD33002AADA4 /* SCSettingViewController.h */,
				05D34DC62031CD33002AADA4 /* SCSettingViewController.m */,
				05D34DC82032C043002AADA4 /* SCEditorUserInfoViewController.h */,
				05D34DC92032C043002AADA4 /* SCEditorUserInfoViewController.m */,
				05E94F722032DC3600210BE3 /* SCEditorUserInfoViewController+ImagePickerController.h */,
				05E94F732032DC3600210BE3 /* SCEditorUserInfoViewController+ImagePickerController.m */,
				05E94F752032E4F800210BE3 /* SCMyGarageViewController.h */,
				05E94F762032E4F800210BE3 /* SCMyGarageViewController.m */,
				0573B035203FC72E0017D852 /* SCMyAppointmentViewController.h */,
				0573B036203FC72E0017D852 /* SCMyAppointmentViewController.m */,
				05626CCD20426CC500714531 /* SCOrderViewController.h */,
				05626CCE20426CC500714531 /* SCOrderViewController.m */,
				05626CE72044474100714531 /* SCOrderListViewController.h */,
				05626CE82044474100714531 /* SCOrderListViewController.m */,
				05626CEA204448B700714531 /* SCNoPayListViewController.h */,
				05626CEB204448B700714531 /* SCNoPayListViewController.m */,
				05626CED204448FD00714531 /* SCPayedListViewController.h */,
				05626CEE204448FD00714531 /* SCPayedListViewController.m */,
				05626CF02044491000714531 /* SCCompleteOrderListViewController.h */,
				05626CF12044491000714531 /* SCCompleteOrderListViewController.m */,
				05626CF32044492800714531 /* SCOrderCancelListViewController.h */,
				05626CF42044492800714531 /* SCOrderCancelListViewController.m */,
			);
			path = Mine;
			sourceTree = "<group>";
		};
		05C94240202D6B1500B78CA4 /* ReservationController */ = {
			isa = PBXGroup;
			children = (
				0573B0152038259B0017D852 /* View */,
				05C94241202D6B1500B78CA4 /* SCReservationViewController.h */,
				05C94242202D6B1500B78CA4 /* SCReservationViewController.m */,
				05626CC02041406900714531 /* SCMakeAnAppointmentprocessController.h */,
				05626CC12041406900714531 /* SCMakeAnAppointmentprocessController.m */,
				05626CC620419B7E00714531 /* SCAppointmentProcessViewController.h */,
				05626CC720419B7E00714531 /* SCAppointmentProcessViewController.m */,
				05626CC920419C8E00714531 /* SCTheirOwnSheetMetalViewController.h */,
				05626CCA20419C8E00714531 /* SCTheirOwnSheetMetalViewController.m */,
			);
			path = ReservationController;
			sourceTree = "<group>";
		};
		05C94246202D6BC600B78CA4 /* Base */ = {
			isa = PBXGroup;
			children = (
				05C94247202D6BD100B78CA4 /* SCBaseNavigationController.h */,
				05C9424B202D6BD200B78CA4 /* SCBaseNavigationController.m */,
				05C9424C202D6BD200B78CA4 /* SCBaseTableViewController.h */,
				05C9424D202D6BD200B78CA4 /* SCBaseTableViewController.m */,
				05C9424E202D6BD200B78CA4 /* SCBaseViewController.h */,
				05C94248202D6BD100B78CA4 /* SCBaseViewController.m */,
				05C9424A202D6BD100B78CA4 /* SCHomeTabBarController.h */,
				05C94249202D6BD100B78CA4 /* SCHomeTabBarController.m */,
				05C9427D202EB32400B78CA4 /* UIViewController+Utility.h */,
				05C9427E202EB32400B78CA4 /* UIViewController+Utility.m */,
			);
			path = Base;
			sourceTree = "<group>";
		};
		05C94253202D7EDA00B78CA4 /* UIKit */ = {
			isa = PBXGroup;
			children = (
				05C94283202EB3D000B78CA4 /* UIBarButtonItem+Spacing.h */,
				05C94284202EB3D000B78CA4 /* UIBarButtonItem+Spacing.m */,
				05C94281202EB3C800B78CA4 /* UIButton+Navigation.h */,
				05C94280202EB3C800B78CA4 /* UIButton+Navigation.m */,
				05C94271202E907700B78CA4 /* UIFont+Addition.h */,
				05C94272202E907700B78CA4 /* UIFont+Addition.m */,
				05C94257202D7F3900B78CA4 /* UIColor+Additional.h */,
				05C94258202D7F3900B78CA4 /* UIColor+Additional.m */,
				05C9425A202D7F4700B78CA4 /* UIColor+CDF.h */,
				05C9425B202D7F4700B78CA4 /* UIColor+CDF.m */,
			);
			path = UIKit;
			sourceTree = "<group>";
		};
		05C9425D202D828C00B78CA4 /* Login */ = {
			isa = PBXGroup;
			children = (
				05C94278202EB1BA00B78CA4 /* Controller */,
				05C9426D202E8E0D00B78CA4 /* LoginView */,
			);
			path = Login;
			sourceTree = "<group>";
		};
		05C9425E202D84DC00B78CA4 /* SharedCarSuitsExtension */ = {
			isa = PBXGroup;
			children = (
				05C9425F202D84F800B78CA4 /* Common */,
			);
			path = SharedCarSuitsExtension;
			sourceTree = "<group>";
		};
		05C9425F202D84F800B78CA4 /* Common */ = {
			isa = PBXGroup;
			children = (
				05C94263202D899200B78CA4 /* Macros */,
				05C94260202D854E00B78CA4 /* SCSharedCarSuitsClient.h */,
				05C94261202D854E00B78CA4 /* SCSharedCarSuitsClient.m */,
			);
			path = Common;
			sourceTree = "<group>";
		};
		05C94263202D899200B78CA4 /* Macros */ = {
			isa = PBXGroup;
			children = (
				05C94265202D8A3400B78CA4 /* PrefixHeader.pch */,
				05C94266202D8C0600B78CA4 /* SCDeviceConst.h */,
				05C94267202D8C3500B78CA4 /* SCRouterURLHeaderConst.h */,
				05C94268202D8E9900B78CA4 /* SCThirdInfoConst.h */,
				05C94296202ED00100B78CA4 /* SCProjectConst.h */,
				0573B01B203BCF250017D852 /* SCRequestUrlConst.h */,
				0571C16F20412973002781B4 /* SCNSUserDefaultsAndNotificConst.h */,
				0571C17020412973002781B4 /* SCNSUserDefaultsAndNotificConst.m */,
			);
			path = Macros;
			sourceTree = "<group>";
		};
		05C94269202E8CC400B78CA4 /* LaunchViewController */ = {
			isa = PBXGroup;
			children = (
				05C9426A202E8CE800B78CA4 /* SCLaunchViewController.h */,
				05C9426B202E8CE800B78CA4 /* SCLaunchViewController.m */,
			);
			path = LaunchViewController;
			sourceTree = "<group>";
		};
		05C9426D202E8E0D00B78CA4 /* LoginView */ = {
			isa = PBXGroup;
			children = (
				05C9426E202E8E3800B78CA4 /* SCLoginView.h */,
				05C9426F202E8E3800B78CA4 /* SCLoginView.m */,
				05C94286202EB85000B78CA4 /* SCRetrieveThePasswordView.h */,
				05C94287202EB85000B78CA4 /* SCRetrieveThePasswordView.m */,
				05C9428C202EC44700B78CA4 /* SCFindPasswordUpatePasswordView.h */,
				05C9428D202EC44700B78CA4 /* SCFindPasswordUpatePasswordView.m */,
			);
			path = LoginView;
			sourceTree = "<group>";
		};
		05C94274202EA1A600B78CA4 /* UIView */ = {
			isa = PBXGroup;
			children = (
				05C94276202EA1C700B78CA4 /* UIView+CDFFrame.h */,
				05C94275202EA1C700B78CA4 /* UIView+CDFFrame.m */,
			);
			path = UIView;
			sourceTree = "<group>";
		};
		05C94278202EB1BA00B78CA4 /* Controller */ = {
			isa = PBXGroup;
			children = (
				05C9427A202EB1DC00B78CA4 /* SCFindPasswordController.h */,
				05C9427B202EB1DC00B78CA4 /* SCFindPasswordController.m */,
				05C94289202EC39A00B78CA4 /* SCFindPasswordUpatePasswordController.h */,
				05C9428A202EC39A00B78CA4 /* SCFindPasswordUpatePasswordController.m */,
			);
			path = Controller;
			sourceTree = "<group>";
		};
		05C9428F202ECAC300B78CA4 /* Register */ = {
			isa = PBXGroup;
			children = (
				05C9429A202ED14C00B78CA4 /* View */,
				05C94290202ECAE600B78CA4 /* SCRegisterViewController.h */,
				05C94291202ECAE600B78CA4 /* SCRegisterViewController.m */,
				05C94293202ECEE300B78CA4 /* SCRegisterViewUpatePasswordController.h */,
				05C94294202ECEE300B78CA4 /* SCRegisterViewUpatePasswordController.m */,
				05C94297202ED0E600B78CA4 /* SCRegisterViewCarInfoViewController.h */,
				05C94298202ED0E600B78CA4 /* SCRegisterViewCarInfoViewController.m */,
				05626CD62043020700714531 /* SCChoiseBrandViewController.h */,
				05626CD72043020700714531 /* SCChoiseBrandViewController.m */,
			);
			path = Register;
			sourceTree = "<group>";
		};
		05C9429A202ED14C00B78CA4 /* View */ = {
			isa = PBXGroup;
			children = (
				05C9429B202ED16600B78CA4 /* SCRegisterViewCarInfoView.h */,
				05C9429C202ED16600B78CA4 /* SCRegisterViewCarInfoView.m */,
				05C942DC203062D800B78CA4 /* SCChoiseAreaView.h */,
				05C942DD203062D800B78CA4 /* SCChoiseAreaView.m */,
				05DAD55620307ED7000E13C2 /* SCChoiseCarNumberView.h */,
				05DAD55720307ED7000E13C2 /* SCChoiseCarNumberView.m */,
			);
			path = View;
			sourceTree = "<group>";
		};
		05DAD559203098A1000E13C2 /* View */ = {
			isa = PBXGroup;
			children = (
				05DAD55A203098B3000E13C2 /* SCMineViewHeaderView.h */,
				05DAD55B203098B3000E13C2 /* SCMineViewHeaderView.m */,
				05D34DC22031BF0A002AADA4 /* SCMineViewControllerSectionCell.h */,
				05D34DC32031BF0A002AADA4 /* SCMineViewControllerSectionCell.m */,
				05D34DCB2032CA17002AADA4 /* SCExitShowTipsView.h */,
				05D34DCC2032CA17002AADA4 /* SCExitShowTipsView.m */,
				05E94F6F2032D80200210BE3 /* SCEditorIconView.h */,
				05E94F702032D80200210BE3 /* SCEditorIconView.m */,
				05E94F782032E64B00210BE3 /* SCMyGarageViewCell.h */,
				05E94F792032E64B00210BE3 /* SCMyGarageViewCell.m */,
				05E94F7B203318C500210BE3 /* SCMyGarageViewDeletViewAlertView.h */,
				05E94F7C203318C500210BE3 /* SCMyGarageViewDeletViewAlertView.m */,
				0573B038203FE27E0017D852 /* SCMyAppointmentViewCell.h */,
				0573B039203FE27E0017D852 /* SCMyAppointmentViewCell.m */,
				05626CD0204272FE00714531 /* SCOrderViewServeCell.h */,
				05626CD1204272FE00714531 /* SCOrderViewServeCell.m */,
				05626CF620445A3500714531 /* SCOrderListCell.h */,
				05626CF720445A3500714531 /* SCOrderListCell.m */,
			);
			path = View;
			sourceTree = "<group>";
		};
		05DAD55D20316D26000E13C2 /* NSString */ = {
			isa = PBXGroup;
			children = (
				05DAD55E20316D6D000E13C2 /* NSString+Predicate.h */,
				05DAD55F20316D6D000E13C2 /* NSString+Predicate.m */,
			);
			path = NSString;
			sourceTree = "<group>";
		};
		05DAD56120317208000E13C2 /* AppManager */ = {
			isa = PBXGroup;
			children = (
				05DAD56220317223000E13C2 /* SCManager.h */,
				05DAD56320317223000E13C2 /* SCManager.m */,
				05DAD5652031727C000E13C2 /* SCManager+Login.h */,
				05DAD5662031727C000E13C2 /* SCManager+Login.m */,
				05DAD568203172E8000E13C2 /* SCManager+AppInfo.h */,
				05DAD569203172E8000E13C2 /* SCManager+AppInfo.m */,
				05DAD56B203175EC000E13C2 /* SCManager+Keyboard.h */,
				05DAD56C203175EC000E13C2 /* SCManager+Keyboard.m */,
				05DAD56E20317A2C000E13C2 /* SCManager+MBProgressHUD.h */,
				05DAD56F20317A2C000E13C2 /* SCManager+MBProgressHUD.m */,
				05D34DBF2031BCC3002AADA4 /* SCManager+CommonMethods.h */,
				05D34DC02031BCC3002AADA4 /* SCManager+CommonMethods.m */,
				0573B01C203BD7E70017D852 /* SCManager+RequestInterface.h */,
				0573B01D203BD7E70017D852 /* SCManager+RequestInterface.m */,
			);
			path = AppManager;
			sourceTree = "<group>";
		};
		05E94F802033310900210BE3 /* View */ = {
			isa = PBXGroup;
			children = (
				05E94F812033317700210BE3 /* SCHomePageSectionOneCell.h */,
				05E94F822033317700210BE3 /* SCHomePageSectionOneCell.m */,
				05E94F842033318500210BE3 /* SCHomePageSectionTwoCell.h */,
				05E94F852033318500210BE3 /* SCHomePageSectionTwoCell.m */,
				0573B01220333DAA0017D852 /* SCHomePageSectionTwoCellItemView.h */,
				0573B01320333DAA0017D852 /* SCHomePageSectionTwoCellItemView.m */,
			);
			path = View;
			sourceTree = "<group>";
		};
		70C5A2F7AB093DE3D39B4CBA /* Pods */ = {
			isa = PBXGroup;
			children = (
				39F0ED9ACAE88E8ED7934748 /* Pods-SharedCarSuits.debug.xcconfig */,
				6ACE2CCEB2825ABBD9CC5D25 /* Pods-SharedCarSuits.release.xcconfig */,
				3FA8F58B19238B9921B044F9 /* Pods-SharedCarSuitsTests.debug.xcconfig */,
				9A472414CD2D0246B21E28B1 /* Pods-SharedCarSuitsTests.release.xcconfig */,
				85EB3A99F0A1ADC78ECB743F /* Pods-SharedCarSuitsUITests.debug.xcconfig */,
				2395F901FF494BAEC814C9AA /* Pods-SharedCarSuitsUITests.release.xcconfig */,
			);
			name = Pods;
			sourceTree = "<group>";
		};
		8B91FD0D546FB20916FEEA2C /* Frameworks */ = {
			isa = PBXGroup;
			children = (
				ABEC7B6670E2B583689B8B8C /* libPods-SharedCarSuits.a */,
				60A4C0452F94898FC366DE15 /* libPods-SharedCarSuitsTests.a */,
				E8B31BBBBF74AC20BFA0ECB8 /* libPods-SharedCarSuitsUITests.a */,
			);
			name = Frameworks;
			sourceTree = "<group>";
		};
/* End PBXGroup section */

/* Begin PBXNativeTarget section */
		05972515201EF3DD00E7EFFB /* SharedCarSuits */ = {
			isa = PBXNativeTarget;
			buildConfigurationList = 05972542201EF3DD00E7EFFB /* Build configuration list for PBXNativeTarget "SharedCarSuits" */;
			buildPhases = (
				55A76C131470C78283DEF3FD /* [CP] Check Pods Manifest.lock */,
				05972512201EF3DD00E7EFFB /* Sources */,
				05972513201EF3DD00E7EFFB /* Frameworks */,
				05972514201EF3DD00E7EFFB /* Resources */,
				14F28A9ADEB84C0A06293060 /* [CP] Embed Pods Frameworks */,
				65A72BAE68AC10FFE05D251A /* [CP] Copy Pods Resources */,
			);
			buildRules = (
			);
			dependencies = (
			);
			name = SharedCarSuits;
			productName = SharedCarSuits;
			productReference = 05972516201EF3DD00E7EFFB /* SharedCarSuits.app */;
			productType = "com.apple.product-type.application";
		};
		0597252D201EF3DD00E7EFFB /* SharedCarSuitsTests */ = {
			isa = PBXNativeTarget;
			buildConfigurationList = 05972545201EF3DD00E7EFFB /* Build configuration list for PBXNativeTarget "SharedCarSuitsTests" */;
			buildPhases = (
				DA7BDF2ADE85EA34692D9F22 /* [CP] Check Pods Manifest.lock */,
				0597252A201EF3DD00E7EFFB /* Sources */,
				0597252B201EF3DD00E7EFFB /* Frameworks */,
				0597252C201EF3DD00E7EFFB /* Resources */,
				2AE91AFD9C9B9C9EE8FE8F35 /* [CP] Embed Pods Frameworks */,
				A7E77CB51917730170FE9592 /* [CP] Copy Pods Resources */,
			);
			buildRules = (
			);
			dependencies = (
				05972530201EF3DD00E7EFFB /* PBXTargetDependency */,
			);
			name = SharedCarSuitsTests;
			productName = SharedCarSuitsTests;
			productReference = 0597252E201EF3DD00E7EFFB /* SharedCarSuitsTests.xctest */;
			productType = "com.apple.product-type.bundle.unit-test";
		};
		05972538201EF3DD00E7EFFB /* SharedCarSuitsUITests */ = {
			isa = PBXNativeTarget;
			buildConfigurationList = 05972548201EF3DD00E7EFFB /* Build configuration list for PBXNativeTarget "SharedCarSuitsUITests" */;
			buildPhases = (
				CBBA9E2AB7ADB368FDAEEFE4 /* [CP] Check Pods Manifest.lock */,
				05972535201EF3DD00E7EFFB /* Sources */,
				05972536201EF3DD00E7EFFB /* Frameworks */,
				05972537201EF3DD00E7EFFB /* Resources */,
				ADE021B9F69BD7993BABE17B /* [CP] Embed Pods Frameworks */,
				D5071188DABFCDA1D7769100 /* [CP] Copy Pods Resources */,
			);
			buildRules = (
			);
			dependencies = (
				0597253B201EF3DD00E7EFFB /* PBXTargetDependency */,
			);
			name = SharedCarSuitsUITests;
			productName = SharedCarSuitsUITests;
			productReference = 05972539201EF3DD00E7EFFB /* SharedCarSuitsUITests.xctest */;
			productType = "com.apple.product-type.bundle.ui-testing";
		};
/* End PBXNativeTarget section */

/* Begin PBXProject section */
		0597250E201EF3DD00E7EFFB /* Project object */ = {
			isa = PBXProject;
			attributes = {
				CLASSPREFIX = SC;
				LastUpgradeCheck = 0920;
				ORGANIZATIONNAME = tuhaisheng;
				TargetAttributes = {
					05972515201EF3DD00E7EFFB = {
						CreatedOnToolsVersion = 9.2;
						ProvisioningStyle = Manual;
					};
					0597252D201EF3DD00E7EFFB = {
						CreatedOnToolsVersion = 9.2;
						ProvisioningStyle = Manual;
						TestTargetID = 05972515201EF3DD00E7EFFB;
					};
					05972538201EF3DD00E7EFFB = {
						CreatedOnToolsVersion = 9.2;
						ProvisioningStyle = Automatic;
						TestTargetID = 05972515201EF3DD00E7EFFB;
					};
				};
			};
			buildConfigurationList = 05972511201EF3DD00E7EFFB /* Build configuration list for PBXProject "SharedCarSuits" */;
			compatibilityVersion = "Xcode 8.0";
			developmentRegion = en;
			hasScannedForEncodings = 0;
			knownRegions = (
				en,
				Base,
			);
			mainGroup = 0597250D201EF3DD00E7EFFB;
			productRefGroup = 05972517201EF3DD00E7EFFB /* Products */;
			projectDirPath = "";
			projectRoot = "";
			targets = (
				05972515201EF3DD00E7EFFB /* SharedCarSuits */,
				0597252D201EF3DD00E7EFFB /* SharedCarSuitsTests */,
				05972538201EF3DD00E7EFFB /* SharedCarSuitsUITests */,
			);
		};
/* End PBXProject section */

/* Begin PBXResourcesBuildPhase section */
		05972514201EF3DD00E7EFFB /* Resources */ = {
			isa = PBXResourcesBuildPhase;
			buildActionMask = 2147483647;
			files = (
				05972526201EF3DD00E7EFFB /* LaunchScreen.storyboard in Resources */,
				0573B02E203E70B90017D852 /* citydict.plist in Resources */,
				05972523201EF3DD00E7EFFB /* Assets.xcassets in Resources */,
			);
			runOnlyForDeploymentPostprocessing = 0;
		};
		0597252C201EF3DD00E7EFFB /* Resources */ = {
			isa = PBXResourcesBuildPhase;
			buildActionMask = 2147483647;
			files = (
			);
			runOnlyForDeploymentPostprocessing = 0;
		};
		05972537201EF3DD00E7EFFB /* Resources */ = {
			isa = PBXResourcesBuildPhase;
			buildActionMask = 2147483647;
			files = (
			);
			runOnlyForDeploymentPostprocessing = 0;
		};
/* End PBXResourcesBuildPhase section */

/* Begin PBXShellScriptBuildPhase section */
		14F28A9ADEB84C0A06293060 /* [CP] Embed Pods Frameworks */ = {
			isa = PBXShellScriptBuildPhase;
			buildActionMask = 2147483647;
			files = (
			);
			inputPaths = (
			);
			name = "[CP] Embed Pods Frameworks";
			outputPaths = (
			);
			runOnlyForDeploymentPostprocessing = 0;
			shellPath = /bin/sh;
			shellScript = "\"${SRCROOT}/Pods/Target Support Files/Pods-SharedCarSuits/Pods-SharedCarSuits-frameworks.sh\"\n";
			showEnvVarsInLog = 0;
		};
		2AE91AFD9C9B9C9EE8FE8F35 /* [CP] Embed Pods Frameworks */ = {
			isa = PBXShellScriptBuildPhase;
			buildActionMask = 2147483647;
			files = (
			);
			inputPaths = (
			);
			name = "[CP] Embed Pods Frameworks";
			outputPaths = (
			);
			runOnlyForDeploymentPostprocessing = 0;
			shellPath = /bin/sh;
			shellScript = "\"${SRCROOT}/Pods/Target Support Files/Pods-SharedCarSuitsTests/Pods-SharedCarSuitsTests-frameworks.sh\"\n";
			showEnvVarsInLog = 0;
		};
		55A76C131470C78283DEF3FD /* [CP] Check Pods Manifest.lock */ = {
			isa = PBXShellScriptBuildPhase;
			buildActionMask = 2147483647;
			files = (
			);
			inputPaths = (
				"${PODS_PODFILE_DIR_PATH}/Podfile.lock",
				"${PODS_ROOT}/Manifest.lock",
			);
			name = "[CP] Check Pods Manifest.lock";
			outputPaths = (
				"$(DERIVED_FILE_DIR)/Pods-SharedCarSuits-checkManifestLockResult.txt",
			);
			runOnlyForDeploymentPostprocessing = 0;
			shellPath = /bin/sh;
			shellScript = "diff \"${PODS_PODFILE_DIR_PATH}/Podfile.lock\" \"${PODS_ROOT}/Manifest.lock\" > /dev/null\nif [ $? != 0 ] ; then\n    # print error to STDERR\n    echo \"error: The sandbox is not in sync with the Podfile.lock. Run 'pod install' or update your CocoaPods installation.\" >&2\n    exit 1\nfi\n# This output is used by Xcode 'outputs' to avoid re-running this script phase.\necho \"SUCCESS\" > \"${SCRIPT_OUTPUT_FILE_0}\"\n";
			showEnvVarsInLog = 0;
		};
		65A72BAE68AC10FFE05D251A /* [CP] Copy Pods Resources */ = {
			isa = PBXShellScriptBuildPhase;
			buildActionMask = 2147483647;
			files = (
			);
			inputPaths = (
			);
			name = "[CP] Copy Pods Resources";
			outputPaths = (
			);
			runOnlyForDeploymentPostprocessing = 0;
			shellPath = /bin/sh;
			shellScript = "\"${SRCROOT}/Pods/Target Support Files/Pods-SharedCarSuits/Pods-SharedCarSuits-resources.sh\"\n";
			showEnvVarsInLog = 0;
		};
		A7E77CB51917730170FE9592 /* [CP] Copy Pods Resources */ = {
			isa = PBXShellScriptBuildPhase;
			buildActionMask = 2147483647;
			files = (
			);
			inputPaths = (
			);
			name = "[CP] Copy Pods Resources";
			outputPaths = (
			);
			runOnlyForDeploymentPostprocessing = 0;
			shellPath = /bin/sh;
			shellScript = "\"${SRCROOT}/Pods/Target Support Files/Pods-SharedCarSuitsTests/Pods-SharedCarSuitsTests-resources.sh\"\n";
			showEnvVarsInLog = 0;
		};
		ADE021B9F69BD7993BABE17B /* [CP] Embed Pods Frameworks */ = {
			isa = PBXShellScriptBuildPhase;
			buildActionMask = 2147483647;
			files = (
			);
			inputPaths = (
			);
			name = "[CP] Embed Pods Frameworks";
			outputPaths = (
			);
			runOnlyForDeploymentPostprocessing = 0;
			shellPath = /bin/sh;
			shellScript = "\"${SRCROOT}/Pods/Target Support Files/Pods-SharedCarSuitsUITests/Pods-SharedCarSuitsUITests-frameworks.sh\"\n";
			showEnvVarsInLog = 0;
		};
		CBBA9E2AB7ADB368FDAEEFE4 /* [CP] Check Pods Manifest.lock */ = {
			isa = PBXShellScriptBuildPhase;
			buildActionMask = 2147483647;
			files = (
			);
			inputPaths = (
				"${PODS_PODFILE_DIR_PATH}/Podfile.lock",
				"${PODS_ROOT}/Manifest.lock",
			);
			name = "[CP] Check Pods Manifest.lock";
			outputPaths = (
				"$(DERIVED_FILE_DIR)/Pods-SharedCarSuitsUITests-checkManifestLockResult.txt",
			);
			runOnlyForDeploymentPostprocessing = 0;
			shellPath = /bin/sh;
			shellScript = "diff \"${PODS_PODFILE_DIR_PATH}/Podfile.lock\" \"${PODS_ROOT}/Manifest.lock\" > /dev/null\nif [ $? != 0 ] ; then\n    # print error to STDERR\n    echo \"error: The sandbox is not in sync with the Podfile.lock. Run 'pod install' or update your CocoaPods installation.\" >&2\n    exit 1\nfi\n# This output is used by Xcode 'outputs' to avoid re-running this script phase.\necho \"SUCCESS\" > \"${SCRIPT_OUTPUT_FILE_0}\"\n";
			showEnvVarsInLog = 0;
		};
		D5071188DABFCDA1D7769100 /* [CP] Copy Pods Resources */ = {
			isa = PBXShellScriptBuildPhase;
			buildActionMask = 2147483647;
			files = (
			);
			inputPaths = (
			);
			name = "[CP] Copy Pods Resources";
			outputPaths = (
			);
			runOnlyForDeploymentPostprocessing = 0;
			shellPath = /bin/sh;
			shellScript = "\"${SRCROOT}/Pods/Target Support Files/Pods-SharedCarSuitsUITests/Pods-SharedCarSuitsUITests-resources.sh\"\n";
			showEnvVarsInLog = 0;
		};
		DA7BDF2ADE85EA34692D9F22 /* [CP] Check Pods Manifest.lock */ = {
			isa = PBXShellScriptBuildPhase;
			buildActionMask = 2147483647;
			files = (
			);
			inputPaths = (
				"${PODS_PODFILE_DIR_PATH}/Podfile.lock",
				"${PODS_ROOT}/Manifest.lock",
			);
			name = "[CP] Check Pods Manifest.lock";
			outputPaths = (
				"$(DERIVED_FILE_DIR)/Pods-SharedCarSuitsTests-checkManifestLockResult.txt",
			);
			runOnlyForDeploymentPostprocessing = 0;
			shellPath = /bin/sh;
			shellScript = "diff \"${PODS_PODFILE_DIR_PATH}/Podfile.lock\" \"${PODS_ROOT}/Manifest.lock\" > /dev/null\nif [ $? != 0 ] ; then\n    # print error to STDERR\n    echo \"error: The sandbox is not in sync with the Podfile.lock. Run 'pod install' or update your CocoaPods installation.\" >&2\n    exit 1\nfi\n# This output is used by Xcode 'outputs' to avoid re-running this script phase.\necho \"SUCCESS\" > \"${SCRIPT_OUTPUT_FILE_0}\"\n";
			showEnvVarsInLog = 0;
		};
/* End PBXShellScriptBuildPhase section */

/* Begin PBXSourcesBuildPhase section */
		05972512201EF3DD00E7EFFB /* Sources */ = {
			isa = PBXSourcesBuildPhase;
			buildActionMask = 2147483647;
			files = (
				05626CF22044491000714531 /* SCCompleteOrderListViewController.m in Sources */,
				05C94285202EB3D100B78CA4 /* UIBarButtonItem+Spacing.m in Sources */,
				05C94259202D7F3900B78CA4 /* UIColor+Additional.m in Sources */,
				05626CC52041458700714531 /* SCMakeAnAppointmentprocessCell.m in Sources */,
				05626CDE2043030600714531 /* SCChoiseBrandCarGroupModel.m in Sources */,
				05626CF52044492800714531 /* SCOrderCancelListViewController.m in Sources */,
				0573B03A203FE27E0017D852 /* SCMyAppointmentViewCell.m in Sources */,
				05C94245202D6B1500B78CA4 /* SCReservationViewController.m in Sources */,
				05D34DC42031BF0A002AADA4 /* SCMineViewControllerSectionCell.m in Sources */,
				05C94299202ED0E600B78CA4 /* SCRegisterViewCarInfoViewController.m in Sources */,
				05626CF820445A3500714531 /* SCOrderListCell.m in Sources */,
				05626CCF20426CC500714531 /* SCOrderViewController.m in Sources */,
				05C94270202E8E3800B78CA4 /* SCLoginView.m in Sources */,
				05626CEF204448FD00714531 /* SCPayedListViewController.m in Sources */,
				05C9427C202EB1DC00B78CA4 /* SCFindPasswordController.m in Sources */,
				0573B025203C09F60017D852 /* GSKeyChain.m in Sources */,
				05C94235202D69CC00B78CA4 /* NSMutableArray+Category.m in Sources */,
				05C94262202D854E00B78CA4 /* SCSharedCarSuitsClient.m in Sources */,
				05C9425C202D7F4700B78CA4 /* UIColor+CDF.m in Sources */,
				05626CD2204272FE00714531 /* SCOrderViewServeCell.m in Sources */,
				0571C17520413775002781B4 /* SCReservationAlertView.m in Sources */,
				05626CEC204448B700714531 /* SCNoPayListViewController.m in Sources */,
				05626CCB20419C8E00714531 /* SCTheirOwnSheetMetalViewController.m in Sources */,
				05626CD82043020700714531 /* SCChoiseBrandViewController.m in Sources */,
				05C94243202D6B1500B78CA4 /* SCHomePageViewController.m in Sources */,
				05C942DE203062D800B78CA4 /* SCChoiseAreaView.m in Sources */,
				05C94250202D6BD200B78CA4 /* SCHomeTabBarController.m in Sources */,
				05626CDB204302C400714531 /* SCChoiseBrandModel.m in Sources */,
				05C9428B202EC39A00B78CA4 /* SCFindPasswordUpatePasswordController.m in Sources */,
				05626CE1204309FE00714531 /* SCUserModel.m in Sources */,
				05E94F712032D80200210BE3 /* SCEditorIconView.m in Sources */,
				05D34DCD2032CA17002AADA4 /* SCExitShowTipsView.m in Sources */,
				05DAD56D203175EC000E13C2 /* SCManager+Keyboard.m in Sources */,
				05DAD56420317223000E13C2 /* SCManager.m in Sources */,
				05E94F7A2032E64B00210BE3 /* SCMyGarageViewCell.m in Sources */,
				05E94F7D203318C500210BE3 /* SCMyGarageViewDeletViewAlertView.m in Sources */,
				05C94251202D6BD200B78CA4 /* SCBaseNavigationController.m in Sources */,
				0573B029203D516D0017D852 /* SCCouponModel.m in Sources */,
				05972529201EF3DD00E7EFFB /* main.m in Sources */,
				05DAD55C203098B3000E13C2 /* SCMineViewHeaderView.m in Sources */,
				05C9426C202E8CE800B78CA4 /* SCLaunchViewController.m in Sources */,
				0597251B201EF3DD00E7EFFB /* AppDelegate.m in Sources */,
				05DAD5672031727C000E13C2 /* SCManager+Login.m in Sources */,
				05E94F862033318500210BE3 /* SCHomePageSectionTwoCell.m in Sources */,
				05626CC820419B7E00714531 /* SCAppointmentProcessViewController.m in Sources */,
				05C94292202ECAE600B78CA4 /* SCRegisterViewController.m in Sources */,
				05E94F772032E4F800210BE3 /* SCMyGarageViewController.m in Sources */,
				05E94F832033317700210BE3 /* SCHomePageSectionOneCell.m in Sources */,
				0573B037203FC72E0017D852 /* SCMyAppointmentViewController.m in Sources */,
				05C94273202E907800B78CA4 /* UIFont+Addition.m in Sources */,
				05D34DC12031BCC3002AADA4 /* SCManager+CommonMethods.m in Sources */,
				05C94244202D6B1500B78CA4 /* SCMineViewController.m in Sources */,
				05DAD56A203172E8000E13C2 /* SCManager+AppInfo.m in Sources */,
				05E94F742032DC3600210BE3 /* SCEditorUserInfoViewController+ImagePickerController.m in Sources */,
				05DAD55820307ED7000E13C2 /* SCChoiseCarNumberView.m in Sources */,
				05D34DCA2032C043002AADA4 /* SCEditorUserInfoViewController.m in Sources */,
				05626CE92044474100714531 /* SCOrderListViewController.m in Sources */,
				05C94295202ECEE300B78CA4 /* SCRegisterViewUpatePasswordController.m in Sources */,
				0571C17120412973002781B4 /* SCNSUserDefaultsAndNotificConst.m in Sources */,
				0573B01E203BD7E70017D852 /* SCManager+RequestInterface.m in Sources */,
				05C9424F202D6BD200B78CA4 /* SCBaseViewController.m in Sources */,
				0573B031203E71440017D852 /* SCCityListController.m in Sources */,
				05C9429D202ED16600B78CA4 /* SCRegisterViewCarInfoView.m in Sources */,
				05C94252202D6BD200B78CA4 /* SCBaseTableViewController.m in Sources */,
				0573B018203825B30017D852 /* SCReservationViewCell.m in Sources */,
				05C9427F202EB32400B78CA4 /* UIViewController+Utility.m in Sources */,
				0573B034203E75430017D852 /* SCReceiveCouponsViewConroller.m in Sources */,
				0571C16E204120DC002781B4 /* SCLoginResponseObjectModel.m in Sources */,
				05DAD56020316D6D000E13C2 /* NSString+Predicate.m in Sources */,
				05626CC22041406900714531 /* SCMakeAnAppointmentprocessController.m in Sources */,
				05C94277202EA1C700B78CA4 /* UIView+CDFFrame.m in Sources */,
				05C94288202EB85000B78CA4 /* SCRetrieveThePasswordView.m in Sources */,
				0573B02C203D53C50017D852 /* SCMyGarageListPageModel.m in Sources */,
				0573B01420333DAA0017D852 /* SCHomePageSectionTwoCellItemView.m in Sources */,
				05C94282202EB3C800B78CA4 /* UIButton+Navigation.m in Sources */,
				05DAD57020317A2C000E13C2 /* SCManager+MBProgressHUD.m in Sources */,
				05C9428E202EC44700B78CA4 /* SCFindPasswordUpatePasswordView.m in Sources */,
				05C94234202D69CC00B78CA4 /* NSArray+Category.m in Sources */,
				05D34DC72031CD33002AADA4 /* SCSettingViewController.m in Sources */,
			);
			runOnlyForDeploymentPostprocessing = 0;
		};
		0597252A201EF3DD00E7EFFB /* Sources */ = {
			isa = PBXSourcesBuildPhase;
			buildActionMask = 2147483647;
			files = (
				05972533201EF3DD00E7EFFB /* SharedCarSuitsTests.m in Sources */,
			);
			runOnlyForDeploymentPostprocessing = 0;
		};
		05972535201EF3DD00E7EFFB /* Sources */ = {
			isa = PBXSourcesBuildPhase;
			buildActionMask = 2147483647;
			files = (
				0597253E201EF3DD00E7EFFB /* SharedCarSuitsUITests.m in Sources */,
			);
			runOnlyForDeploymentPostprocessing = 0;
		};
/* End PBXSourcesBuildPhase section */

/* Begin PBXTargetDependency section */
		05972530201EF3DD00E7EFFB /* PBXTargetDependency */ = {
			isa = PBXTargetDependency;
			target = 05972515201EF3DD00E7EFFB /* SharedCarSuits */;
			targetProxy = 0597252F201EF3DD00E7EFFB /* PBXContainerItemProxy */;
		};
		0597253B201EF3DD00E7EFFB /* PBXTargetDependency */ = {
			isa = PBXTargetDependency;
			target = 05972515201EF3DD00E7EFFB /* SharedCarSuits */;
			targetProxy = 0597253A201EF3DD00E7EFFB /* PBXContainerItemProxy */;
		};
/* End PBXTargetDependency section */

/* Begin PBXVariantGroup section */
		05972524201EF3DD00E7EFFB /* LaunchScreen.storyboard */ = {
			isa = PBXVariantGroup;
			children = (
				05972525201EF3DD00E7EFFB /* Base */,
			);
			name = LaunchScreen.storyboard;
			sourceTree = "<group>";
		};
/* End PBXVariantGroup section */

/* Begin XCBuildConfiguration section */
		05972540201EF3DD00E7EFFB /* Debug */ = {
			isa = XCBuildConfiguration;
			buildSettings = {
				ALWAYS_SEARCH_USER_PATHS = NO;
				CLANG_ANALYZER_NONNULL = YES;
				CLANG_ANALYZER_NUMBER_OBJECT_CONVERSION = YES_AGGRESSIVE;
				CLANG_CXX_LANGUAGE_STANDARD = "gnu++14";
				CLANG_CXX_LIBRARY = "libc++";
				CLANG_ENABLE_MODULES = YES;
				CLANG_ENABLE_OBJC_ARC = YES;
				CLANG_WARN_BLOCK_CAPTURE_AUTORELEASING = YES;
				CLANG_WARN_BOOL_CONVERSION = YES;
				CLANG_WARN_COMMA = YES;
				CLANG_WARN_CONSTANT_CONVERSION = YES;
				CLANG_WARN_DIRECT_OBJC_ISA_USAGE = YES_ERROR;
				CLANG_WARN_DOCUMENTATION_COMMENTS = YES;
				CLANG_WARN_EMPTY_BODY = YES;
				CLANG_WARN_ENUM_CONVERSION = YES;
				CLANG_WARN_INFINITE_RECURSION = YES;
				CLANG_WARN_INT_CONVERSION = YES;
				CLANG_WARN_NON_LITERAL_NULL_CONVERSION = YES;
				CLANG_WARN_OBJC_LITERAL_CONVERSION = YES;
				CLANG_WARN_OBJC_ROOT_CLASS = YES_ERROR;
				CLANG_WARN_RANGE_LOOP_ANALYSIS = YES;
				CLANG_WARN_STRICT_PROTOTYPES = YES;
				CLANG_WARN_SUSPICIOUS_MOVE = YES;
				CLANG_WARN_UNGUARDED_AVAILABILITY = YES_AGGRESSIVE;
				CLANG_WARN_UNREACHABLE_CODE = YES;
				CLANG_WARN__DUPLICATE_METHOD_MATCH = YES;
				CODE_SIGN_IDENTITY = "iPhone Developer";
				COPY_PHASE_STRIP = NO;
				DEBUG_INFORMATION_FORMAT = dwarf;
				ENABLE_STRICT_OBJC_MSGSEND = YES;
				ENABLE_TESTABILITY = YES;
				GCC_C_LANGUAGE_STANDARD = gnu11;
				GCC_DYNAMIC_NO_PIC = NO;
				GCC_NO_COMMON_BLOCKS = YES;
				GCC_OPTIMIZATION_LEVEL = 0;
				GCC_PREPROCESSOR_DEFINITIONS = (
					"DEBUG=1",
					"$(inherited)",
				);
				GCC_WARN_64_TO_32_BIT_CONVERSION = YES;
				GCC_WARN_ABOUT_RETURN_TYPE = YES_ERROR;
				GCC_WARN_UNDECLARED_SELECTOR = YES;
				GCC_WARN_UNINITIALIZED_AUTOS = YES_AGGRESSIVE;
				GCC_WARN_UNUSED_FUNCTION = YES;
				GCC_WARN_UNUSED_VARIABLE = YES;
				IPHONEOS_DEPLOYMENT_TARGET = 11.2;
				MTL_ENABLE_DEBUG_INFO = YES;
				ONLY_ACTIVE_ARCH = YES;
				SDKROOT = iphoneos;
			};
			name = Debug;
		};
		05972541201EF3DD00E7EFFB /* Release */ = {
			isa = XCBuildConfiguration;
			buildSettings = {
				ALWAYS_SEARCH_USER_PATHS = NO;
				CLANG_ANALYZER_NONNULL = YES;
				CLANG_ANALYZER_NUMBER_OBJECT_CONVERSION = YES_AGGRESSIVE;
				CLANG_CXX_LANGUAGE_STANDARD = "gnu++14";
				CLANG_CXX_LIBRARY = "libc++";
				CLANG_ENABLE_MODULES = YES;
				CLANG_ENABLE_OBJC_ARC = YES;
				CLANG_WARN_BLOCK_CAPTURE_AUTORELEASING = YES;
				CLANG_WARN_BOOL_CONVERSION = YES;
				CLANG_WARN_COMMA = YES;
				CLANG_WARN_CONSTANT_CONVERSION = YES;
				CLANG_WARN_DIRECT_OBJC_ISA_USAGE = YES_ERROR;
				CLANG_WARN_DOCUMENTATION_COMMENTS = YES;
				CLANG_WARN_EMPTY_BODY = YES;
				CLANG_WARN_ENUM_CONVERSION = YES;
				CLANG_WARN_INFINITE_RECURSION = YES;
				CLANG_WARN_INT_CONVERSION = YES;
				CLANG_WARN_NON_LITERAL_NULL_CONVERSION = YES;
				CLANG_WARN_OBJC_LITERAL_CONVERSION = YES;
				CLANG_WARN_OBJC_ROOT_CLASS = YES_ERROR;
				CLANG_WARN_RANGE_LOOP_ANALYSIS = YES;
				CLANG_WARN_STRICT_PROTOTYPES = YES;
				CLANG_WARN_SUSPICIOUS_MOVE = YES;
				CLANG_WARN_UNGUARDED_AVAILABILITY = YES_AGGRESSIVE;
				CLANG_WARN_UNREACHABLE_CODE = YES;
				CLANG_WARN__DUPLICATE_METHOD_MATCH = YES;
				CODE_SIGN_IDENTITY = "iPhone Developer";
				COPY_PHASE_STRIP = NO;
				DEBUG_INFORMATION_FORMAT = "dwarf-with-dsym";
				ENABLE_NS_ASSERTIONS = NO;
				ENABLE_STRICT_OBJC_MSGSEND = YES;
				GCC_C_LANGUAGE_STANDARD = gnu11;
				GCC_NO_COMMON_BLOCKS = YES;
				GCC_WARN_64_TO_32_BIT_CONVERSION = YES;
				GCC_WARN_ABOUT_RETURN_TYPE = YES_ERROR;
				GCC_WARN_UNDECLARED_SELECTOR = YES;
				GCC_WARN_UNINITIALIZED_AUTOS = YES_AGGRESSIVE;
				GCC_WARN_UNUSED_FUNCTION = YES;
				GCC_WARN_UNUSED_VARIABLE = YES;
				IPHONEOS_DEPLOYMENT_TARGET = 11.2;
				MTL_ENABLE_DEBUG_INFO = NO;
				SDKROOT = iphoneos;
				VALIDATE_PRODUCT = YES;
			};
			name = Release;
		};
		05972543201EF3DD00E7EFFB /* Debug */ = {
			isa = XCBuildConfiguration;
			baseConfigurationReference = 39F0ED9ACAE88E8ED7934748 /* Pods-SharedCarSuits.debug.xcconfig */;
			buildSettings = {
				ASSETCATALOG_COMPILER_APPICON_NAME = AppIcon;
				CODE_SIGN_STYLE = Manual;
				DEVELOPMENT_TEAM = 86NC63YY5X;
				GCC_PRECOMPILE_PREFIX_HEADER = YES;
				GCC_PREFIX_HEADER = "$(SRCROOT)/SharedCarSuitsExtension/Common/Macros/PrefixHeader.pch";
				INFOPLIST_FILE = SharedCarSuits/Info.plist;
				LD_RUNPATH_SEARCH_PATHS = "$(inherited) @executable_path/Frameworks";
				PRODUCT_BUNDLE_IDENTIFIER = com.lavion.soyoungapp;
				PRODUCT_NAME = "$(TARGET_NAME)";
				PROVISIONING_PROFILE = "6aab2505-ff06-4f79-9b7e-cc708efc0bf8";
				PROVISIONING_PROFILE_SPECIFIER = soyoungapp;
				TARGETED_DEVICE_FAMILY = "1,2";
			};
			name = Debug;
		};
		05972544201EF3DD00E7EFFB /* Release */ = {
			isa = XCBuildConfiguration;
			baseConfigurationReference = 6ACE2CCEB2825ABBD9CC5D25 /* Pods-SharedCarSuits.release.xcconfig */;
			buildSettings = {
				ASSETCATALOG_COMPILER_APPICON_NAME = AppIcon;
				"CODE_SIGN_IDENTITY[sdk=iphoneos*]" = "iPhone Distribution";
				CODE_SIGN_STYLE = Manual;
				DEVELOPMENT_TEAM = 86NC63YY5X;
				GCC_PRECOMPILE_PREFIX_HEADER = YES;
				GCC_PREFIX_HEADER = "$(SRCROOT)/SharedCarSuitsExtension/Common/Macros/PrefixHeader.pch";
				INFOPLIST_FILE = SharedCarSuits/Info.plist;
				LD_RUNPATH_SEARCH_PATHS = "$(inherited) @executable_path/Frameworks";
				PRODUCT_BUNDLE_IDENTIFIER = com.lavion.soyoungapp;
				PRODUCT_NAME = "$(TARGET_NAME)";
				PROVISIONING_PROFILE = "dccd7518-0c23-44d4-90a4-fc41eb19b38e";
				PROVISIONING_PROFILE_SPECIFIER = qd_adhoc1;
				TARGETED_DEVICE_FAMILY = "1,2";
			};
			name = Release;
		};
		05972546201EF3DD00E7EFFB /* Debug */ = {
			isa = XCBuildConfiguration;
			baseConfigurationReference = 3FA8F58B19238B9921B044F9 /* Pods-SharedCarSuitsTests.debug.xcconfig */;
			buildSettings = {
				BUNDLE_LOADER = "$(TEST_HOST)";
				CODE_SIGN_STYLE = Manual;
				DEVELOPMENT_TEAM = "";
				INFOPLIST_FILE = SharedCarSuitsTests/Info.plist;
				LD_RUNPATH_SEARCH_PATHS = "$(inherited) @executable_path/Frameworks @loader_path/Frameworks";
				PRODUCT_BUNDLE_IDENTIFIER = ths.SharedCarSuitsTests;
				PRODUCT_NAME = "$(TARGET_NAME)";
				PROVISIONING_PROFILE_SPECIFIER = "";
				TARGETED_DEVICE_FAMILY = "1,2";
				TEST_HOST = "$(BUILT_PRODUCTS_DIR)/SharedCarSuits.app/SharedCarSuits";
			};
			name = Debug;
		};
		05972547201EF3DD00E7EFFB /* Release */ = {
			isa = XCBuildConfiguration;
			baseConfigurationReference = 9A472414CD2D0246B21E28B1 /* Pods-SharedCarSuitsTests.release.xcconfig */;
			buildSettings = {
				BUNDLE_LOADER = "$(TEST_HOST)";
				CODE_SIGN_STYLE = Manual;
				DEVELOPMENT_TEAM = "";
				INFOPLIST_FILE = SharedCarSuitsTests/Info.plist;
				LD_RUNPATH_SEARCH_PATHS = "$(inherited) @executable_path/Frameworks @loader_path/Frameworks";
				PRODUCT_BUNDLE_IDENTIFIER = ths.SharedCarSuitsTests;
				PRODUCT_NAME = "$(TARGET_NAME)";
				PROVISIONING_PROFILE_SPECIFIER = "";
				TARGETED_DEVICE_FAMILY = "1,2";
				TEST_HOST = "$(BUILT_PRODUCTS_DIR)/SharedCarSuits.app/SharedCarSuits";
			};
			name = Release;
		};
		05972549201EF3DD00E7EFFB /* Debug */ = {
			isa = XCBuildConfiguration;
			baseConfigurationReference = 85EB3A99F0A1ADC78ECB743F /* Pods-SharedCarSuitsUITests.debug.xcconfig */;
			buildSettings = {
				CODE_SIGN_STYLE = Automatic;
				INFOPLIST_FILE = SharedCarSuitsUITests/Info.plist;
				LD_RUNPATH_SEARCH_PATHS = "$(inherited) @executable_path/Frameworks @loader_path/Frameworks";
				PRODUCT_BUNDLE_IDENTIFIER = ths.SharedCarSuitsUITests;
				PRODUCT_NAME = "$(TARGET_NAME)";
				TARGETED_DEVICE_FAMILY = "1,2";
				TEST_TARGET_NAME = SharedCarSuits;
			};
			name = Debug;
		};
		0597254A201EF3DD00E7EFFB /* Release */ = {
			isa = XCBuildConfiguration;
			baseConfigurationReference = 2395F901FF494BAEC814C9AA /* Pods-SharedCarSuitsUITests.release.xcconfig */;
			buildSettings = {
				CODE_SIGN_STYLE = Automatic;
				INFOPLIST_FILE = SharedCarSuitsUITests/Info.plist;
				LD_RUNPATH_SEARCH_PATHS = "$(inherited) @executable_path/Frameworks @loader_path/Frameworks";
				PRODUCT_BUNDLE_IDENTIFIER = ths.SharedCarSuitsUITests;
				PRODUCT_NAME = "$(TARGET_NAME)";
				TARGETED_DEVICE_FAMILY = "1,2";
				TEST_TARGET_NAME = SharedCarSuits;
			};
			name = Release;
		};
/* End XCBuildConfiguration section */

/* Begin XCConfigurationList section */
		05972511201EF3DD00E7EFFB /* Build configuration list for PBXProject "SharedCarSuits" */ = {
			isa = XCConfigurationList;
			buildConfigurations = (
				05972540201EF3DD00E7EFFB /* Debug */,
				05972541201EF3DD00E7EFFB /* Release */,
			);
			defaultConfigurationIsVisible = 0;
			defaultConfigurationName = Release;
		};
		05972542201EF3DD00E7EFFB /* Build configuration list for PBXNativeTarget "SharedCarSuits" */ = {
			isa = XCConfigurationList;
			buildConfigurations = (
				05972543201EF3DD00E7EFFB /* Debug */,
				05972544201EF3DD00E7EFFB /* Release */,
			);
			defaultConfigurationIsVisible = 0;
			defaultConfigurationName = Release;
		};
		05972545201EF3DD00E7EFFB /* Build configuration list for PBXNativeTarget "SharedCarSuitsTests" */ = {
			isa = XCConfigurationList;
			buildConfigurations = (
				05972546201EF3DD00E7EFFB /* Debug */,
				05972547201EF3DD00E7EFFB /* Release */,
			);
			defaultConfigurationIsVisible = 0;
			defaultConfigurationName = Release;
		};
		05972548201EF3DD00E7EFFB /* Build configuration list for PBXNativeTarget "SharedCarSuitsUITests" */ = {
			isa = XCConfigurationList;
			buildConfigurations = (
				05972549201EF3DD00E7EFFB /* Debug */,
				0597254A201EF3DD00E7EFFB /* Release */,
			);
			defaultConfigurationIsVisible = 0;
			defaultConfigurationName = Release;
		};
/* End XCConfigurationList section */
	};
	rootObject = 0597250E201EF3DD00E7EFFB /* Project object */;
}
